
Microsoft Visual Studio Solution File, Format Version 12.00
# Visual Studio Version 17
VisualStudioVersion = 17.4.33205.214
MinimumVisualStudioVersion = 10.0.40219.1
Project("{2150E333-8FDC-42A3-9474-1A3956D46DE8}") = "src", "src", "{827E0CD3-B72D-47B6-A68D-7590B98EB39B}"
EndProject
Project("{FAE04EC0-301F-11D3-BF4B-00C04F79EFBC}") = "Utils", "src\Utils\Utils.csproj", "{CCA47F79-323A-43C4-ABC6-DC1FC8410B63}"
EndProject
Project("{2150E333-8FDC-42A3-9474-1A3956D46DE8}") = "tests", "tests", "{0AB3BF05-4346-4AA6-1389-037BE0695223}"
EndProject
Project("{FAE04EC0-301F-11D3-BF4B-00C04F79EFBC}") = "Utils.Tests", "tests\Utils.Tests\Utils.Tests.csproj", "{6AC228F5-E27A-456C-95A8-D6E4236547A0}"
EndProject
Project("{FAE04EC0-301F-11D3-BF4B-00C04F79EFBC}") = "MultiArray", "src\MultiArray\MultiArray.csproj", "{92C0E737-90DF-46D1-9174-476F5931BDD3}"
EndProject
Project("{FAE04EC0-301F-11D3-BF4B-00C04F79EFBC}") = "MultiArray.Tests", "tests\MultiArray.Tests\MultiArray.Tests.csproj", "{6FFD6D38-C97C-4495-9B92-E99BF8388F0F}"
EndProject
Project("{FAE04EC0-301F-11D3-BF4B-00C04F79EFBC}") = "Math", "src\Math\Math.csproj", "{E7D34E55-DEEA-40AE-8348-90C5161F0B17}"
EndProject
Project("{FAE04EC0-301F-11D3-BF4B-00C04F79EFBC}") = "Math.Tests", "tests\Math.Tests\Math.Tests.csproj", "{B2C8653A-34CA-4F00-BF17-090D44DD7422}"
EndProject
Project("{FAE04EC0-301F-11D3-BF4B-00C04F79EFBC}") = "Math.Symbol.Tests", "tests\Math.Symbol.Tests\Math.Symbol.Tests.csproj", "{56D97D60-1166-4E3B-B128-2F0219C102F7}"
EndProject
Project("{FAE04EC0-301F-11D3-BF4B-00C04F79EFBC}") = "Quantities", "src\Quantities\Quantities.csproj", "{ADCE8DDF-AD4D-4AD1-B7F7-213084B228E5}"
EndProject
Project("{FAE04EC0-301F-11D3-BF4B-00C04F79EFBC}") = "Quantities.Tests", "tests\Quantities.Tests\Quantities.Tests.csproj", "{508DFC76-0E49-4031-9416-52ECB63046D2}"
EndProject
Project("{FAE04EC0-301F-11D3-BF4B-00C04F79EFBC}") = "Core", "src\Core\Core.csproj", "{F5814528-2EB8-4739-8A8E-23AC814CBC64}"
EndProject
Project("{FAE04EC0-301F-11D3-BF4B-00C04F79EFBC}") = "Core.Tests", "tests\Core.Tests\Core.Tests.csproj", "{5419676F-A526-4E81-8993-A0FC9BCFA255}"
EndProject
Project("{FAE04EC0-301F-11D3-BF4B-00C04F79EFBC}") = "Framework", "src\Framework\Framework.csproj", "{55EC8E28-4DDC-4243-9C7F-080803CB8026}"
EndProject
Project("{FAE04EC0-301F-11D3-BF4B-00C04F79EFBC}") = "Framework.Tests", "tests\Framework.Tests\Framework.Tests.csproj", "{E240391E-C6A1-4EBC-B976-C631D3F3207D}"
EndProject
Project("{FAE04EC0-301F-11D3-BF4B-00C04F79EFBC}") = "Core.Plugin.Heuristic", "src\Core.Plugin.Heuristic\Core.Plugin.Heuristic.csproj", "{3217BAC0-1C0B-4986-AB72-EA87A3898548}"
EndProject
Project("{FAE04EC0-301F-11D3-BF4B-00C04F79EFBC}") = "Core.Plugin.Heuristic.Tests", "tests\Core.Plugin.Heuristic.Tests\Core.Plugin.Heuristic.Tests.csproj", "{FC1706BA-2CD7-4FB9-9A68-4A4A1B320AB0}"
EndProject
Project("{FAE04EC0-301F-11D3-BF4B-00C04F79EFBC}") = "Framework.Plugin", "src\Framework.Plugin\Framework.Plugin.csproj", "{20EE2C14-D269-4AA5-98C0-765FF8818243}"
EndProject
Project("{FAE04EC0-301F-11D3-BF4B-00C04F79EFBC}") = "Framework.Plugin.Tests", "tests\Framework.Plugin.Tests\Framework.Plugin.Tests.csproj", "{328680C4-21DE-451E-B3DF-56B2C4A4D51A}"
EndProject
Project("{FAE04EC0-301F-11D3-BF4B-00C04F79EFBC}") = "Framework.Bpp2d", "src\Framework.Bpp2d\Framework.Bpp2d.csproj", "{B9C41173-C17E-41D6-86F5-F2747AAD1F06}"
EndProject
Project("{FAE04EC0-301F-11D3-BF4B-00C04F79EFBC}") = "Framework.Bpp2d.Tests", "tests\Framework.Bpp2d.Tests\Framework.Bpp2d.Tests.csproj", "{0EF198D3-9FDD-4B31-9107-7BCC073F5BA5}"
EndProject
Project("{FAE04EC0-301F-11D3-BF4B-00C04F79EFBC}") = "Framework.Bpp3d", "src\Framework.Bpp3d\Framework.Bpp3d.csproj", "{4452118C-6797-4427-A256-4F0CA3B36305}"
EndProject
Project("{FAE04EC0-301F-11D3-BF4B-00C04F79EFBC}") = "Framework.Bpp3d.Tests", "tests\Framework.Bpp3d.Tests\Framework.Bpp3d.Tests.csproj", "{2A9AA688-F425-4852-B2DC-2C28C8D19E3D}"
EndProject
Project("{FAE04EC0-301F-11D3-BF4B-00C04F79EFBC}") = "Framework.Csp1d", "src\Framework.Csp1d\Framework.Csp1d.csproj", "{A83246BA-4CCD-42CF-90FC-177CEE66F29D}"
EndProject
Project("{FAE04EC0-301F-11D3-BF4B-00C04F79EFBC}") = "Framework.Csp1d.Tests", "tests\Framework.Csp1d.Tests\Framework.Csp1d.Tests.csproj", "{6A58E906-AC08-485A-BFD3-3D0CFC61C599}"
EndProject
Project("{FAE04EC0-301F-11D3-BF4B-00C04F79EFBC}") = "Framework.GanttScheduling", "src\Framework.GanttScheduling\Framework.GanttScheduling.csproj", "{8341035C-7105-4F1E-AF4B-3CB3E6EB409E}"
EndProject
Project("{FAE04EC0-301F-11D3-BF4B-00C04F79EFBC}") = "Framework.GanttScheduling.Tests", "tests\Framework.GanttScheduling.Tests\Framework.GanttScheduling.Tests.csproj", "{ABF38666-EB32-446F-B1D8-85D7E5666155}"
EndProject
Project("{FAE04EC0-301F-11D3-BF4B-00C04F79EFBC}") = "Example", "src\Example\Example.csproj", "{CD87CA7C-32D4-44E8-B733-ADC9C1AE427E}"
EndProject
Project("{FAE04EC0-301F-11D3-BF4B-00C04F79EFBC}") = "Example.Tests", "tests\Example.Tests\Example.Tests.csproj", "{12705D00-4BE2-4D2F-996C-CAFB3D8263D4}"
EndProject
Project("{FAE04EC0-301F-11D3-BF4B-00C04F79EFBC}") = "Benchmark", "src\Benchmark\Benchmark.csproj", "{DB1BE786-39A7-48A4-89F9-1D59D1216547}"
EndProject
Project("{FAE04EC0-301F-11D3-BF4B-00C04F79EFBC}") = "Benchmark.Tests", "tests\Benchmark.Tests\Benchmark.Tests.csproj", "{EB27326F-E401-424B-8D74-9C9980463D00}"
EndProject
Project("{2150E333-8FDC-42A3-9474-1A3956D46DE8}") = "Starters", "Starters", "{9C63FFEA-ACFA-37D0-4B99-93FAD04E0FC7}"
EndProject
Project("{2150E333-8FDC-42A3-9474-1A3956D46DE8}") = "Core", "Core", "{0E7CE5D5-83E5-EEF0-6512-9C11E16C59D4}"
EndProject
Project("{FAE04EC0-301F-11D3-BF4B-00C04F79EFBC}") = "Starters.Core", "src\Starters\Core\Starters.Core.csproj", "{3CAE1043-CCB2-47BD-B6D6-ADC279C6CE6D}"
EndProject
Project("{2150E333-8FDC-42A3-9474-1A3956D46DE8}") = "Framework", "Framework", "{18570BEA-A914-EFB6-80CF-5A860EE3D585}"
EndProject
Project("{FAE04EC0-301F-11D3-BF4B-00C04F79EFBC}") = "Starters.Framework", "src\Starters\Framework\Starters.Framework.csproj", "{DDD2129E-B109-4575-9B66-6FD1CE982AA6}"
EndProject
Project("{2150E333-8FDC-42A3-9474-1A3956D46DE8}") = "Bpp3d", "Bpp3d", "{B649695E-12A4-6F16-9107-F95AE9BFB876}"
EndProject
Project("{FAE04EC0-301F-11D3-BF4B-00C04F79EFBC}") = "Starters.Bpp3d", "src\Starters\Bpp3d\Starters.Bpp3d.csproj", "{DE271DC2-F0C4-46A6-8BAE-432F9EFCCC62}"
EndProject
Project("{2150E333-8FDC-42A3-9474-1A3956D46DE8}") = "Csp1d", "Csp1d", "{6356E8FF-CD4A-78EC-D9FB-BE131901F572}"
EndProject
Project("{FAE04EC0-301F-11D3-BF4B-00C04F79EFBC}") = "Starters.Csp1d", "src\Starters\Csp1d\Starters.Csp1d.csproj", "{91FBA55F-A6D0-4205-B50E-6C97C4E9E9F6}"
EndProject
Project("{2150E333-8FDC-42A3-9474-1A3956D46DE8}") = "GanttScheduling", "GanttScheduling", "{4BEB0BFA-4BF6-1666-FD23-4B125E4FD680}"
EndProject
Project("{FAE04EC0-301F-11D3-BF4B-00C04F79EFBC}") = "Starters.GanttScheduling", "src\Starters\GanttScheduling\Starters.GanttScheduling.csproj", "{3D8B99A2-6F22-4359-B241-45E20C0CD11A}"
EndProject
Project("{FAE04EC0-301F-11D3-BF4B-00C04F79EFBC}") = "Core.Plugin.Mosek", "src\Core.Plugin.Mosek\Core.Plugin.Mosek.csproj", "{0B6081EF-2D7D-41B9-A0E8-6855E0E88985}"
EndProject
Project("{FAE04EC0-301F-11D3-BF4B-00C04F79EFBC}") = "Core.Plugin.Hexaly", "src\Core.Plugin.Hexaly\Core.Plugin.Hexaly.csproj", "{1DB8484F-8B6F-4657-A560-AE2412D78416}"
EndProject
Project("{FAE04EC0-301F-11D3-BF4B-00C04F79EFBC}") = "Core.Plugin.Mosek.Tests", "tests\Core.Plugin.Mosek.Tests\Core.Plugin.Mosek.Tests.csproj", "{ED5423A8-A2EA-44A2-A606-24A38D64F8C4}"
EndProject
Project("{FAE04EC0-301F-11D3-BF4B-00C04F79EFBC}") = "Core.Plugin.Hexaly.Tests", "tests\Core.Plugin.Hexaly.Tests\Core.Plugin.Hexaly.Tests.csproj", "{587B1838-FA02-4EBA-8CBF-B2C0F7BB6909}"
EndProject
Project("{FAE04EC0-301F-11D3-BF4B-00C04F79EFBC}") = "Core.Plugin.Copt", "src\Core.Plugin.Copt\Core.Plugin.Copt.csproj", "{62331030-C969-4FEF-8684-204ADBD08F50}"
EndProject
Project("{FAE04EC0-301F-11D3-BF4B-00C04F79EFBC}") = "Core.Plugin.Cplex", "src\Core.Plugin.Cplex\Core.Plugin.Cplex.csproj", "{4AA474E9-B9C4-4F3A-8C24-451568938734}"
EndProject
Project("{FAE04EC0-301F-11D3-BF4B-00C04F79EFBC}") = "Core.Plugin.Copt.Tests", "tests\Core.Plugin.Copt.Tests\Core.Plugin.Copt.Tests.csproj", "{D9D2DA35-D02C-4E5D-BD84-E78566BFAAED}"
EndProject
Project("{FAE04EC0-301F-11D3-BF4B-00C04F79EFBC}") = "Core.Plugin.Cplex.Tests", "tests\Core.Plugin.Cplex.Tests\Core.Plugin.Cplex.Tests.csproj", "{7F3DEE21-DCED-4594-9337-95150E451D02}"
EndProject
Project("{FAE04EC0-301F-11D3-BF4B-00C04F79EFBC}") = "Core.Plugin.Scip", "src\Core.Plugin.Scip\Core.Plugin.Scip.csproj", "{79581118-442F-4A81-A023-BF2B42A24496}"
EndProject
Project("{FAE04EC0-301F-11D3-BF4B-00C04F79EFBC}") = "Core.Plugin.Scip.Tests", "tests\Core.Plugin.Scip.Tests\Core.Plugin.Scip.Tests.csproj", "{B66306BD-4CB8-4E27-940C-103630F50765}"
EndProject
Project("{FAE04EC0-301F-11D3-BF4B-00C04F79EFBC}") = "Core.Plugin.Lingo", "src\Core.Plugin.Lingo\Core.Plugin.Lingo.csproj", "{863FC7BD-A379-4F43-B6C2-E63DD6C2FA97}"
EndProject
Project("{FAE04EC0-301F-11D3-BF4B-00C04F79EFBC}") = "Core.Plugin.Lingo.Tests", "tests\Core.Plugin.Lingo.Tests\Core.Plugin.Lingo.Tests.csproj", "{4469CA12-ABBF-4AC3-A5B5-2531A39B75E1}"
EndProject
Project("{FAE04EC0-301F-11D3-BF4B-00C04F79EFBC}") = "Core.Plugin.Mindopt", "src\Core.Plugin.Mindopt\Core.Plugin.Mindopt.csproj", "{038210B4-4539-48FD-BA69-266FEFA89400}"
EndProject
Project("{FAE04EC0-301F-11D3-BF4B-00C04F79EFBC}") = "Core.Plugin.Mindopt.Tests", "tests\Core.Plugin.Mindopt.Tests\Core.Plugin.Mindopt.Tests.csproj", "{25355CB9-9A8A-4B2D-9FB7-F4F0BB990402}"
EndProject
Project("{FAE04EC0-301F-11D3-BF4B-00C04F79EFBC}") = "Core.Plugin.Optverse", "src\Core.Plugin.Optverse\Core.Plugin.Optverse.csproj", "{FCE1D869-51D6-4D35-9FB6-CEC763FF05DC}"
EndProject
Project("{FAE04EC0-301F-11D3-BF4B-00C04F79EFBC}") = "Core.Plugin.Optverse.Tests", "tests\Core.Plugin.Optverse.Tests\Core.Plugin.Optverse.Tests.csproj", "{86F980CA-4460-4086-BCEB-8264D516FAD4}"
EndProject
Project("{FAE04EC0-301F-11D3-BF4B-00C04F79EFBC}") = "Core.Plugin.Gurobi11", "src\Core.Plugin.Gurobi11\Core.Plugin.Gurobi11.csproj", "{9669D7BD-A9AC-4D13-B7CD-E004CBE81252}"
EndProject
Project("{FAE04EC0-301F-11D3-BF4B-00C04F79EFBC}") = "Core.Plugin.Gurobi11.Tests", "tests\Core.Plugin.Gurobi11.Tests\Core.Plugin.Gurobi11.Tests.csproj", "{BD26ADA4-F492-4CC8-A311-E8FE0CAD62F1}"
EndProject
Global
	GlobalSection(SolutionConfigurationPlatforms) = preSolution
		Debug|Any CPU = Debug|Any CPU
		Debug|x64 = Debug|x64
		Debug|x86 = Debug|x86
		Release|Any CPU = Release|Any CPU
		Release|x64 = Release|x64
		Release|x86 = Release|x86
	EndGlobalSection
	GlobalSection(ProjectConfigurationPlatforms) = postSolution
		{CCA47F79-323A-43C4-ABC6-DC1FC8410B63}.Debug|Any CPU.ActiveCfg = Debug|Any CPU
		{CCA47F79-323A-43C4-ABC6-DC1FC8410B63}.Debug|Any CPU.Build.0 = Debug|Any CPU
		{CCA47F79-323A-43C4-ABC6-DC1FC8410B63}.Debug|x64.ActiveCfg = Debug|Any CPU
		{CCA47F79-323A-43C4-ABC6-DC1FC8410B63}.Debug|x64.Build.0 = Debug|Any CPU
		{CCA47F79-323A-43C4-ABC6-DC1FC8410B63}.Debug|x86.ActiveCfg = Debug|Any CPU
		{CCA47F79-323A-43C4-ABC6-DC1FC8410B63}.Debug|x86.Build.0 = Debug|Any CPU
		{CCA47F79-323A-43C4-ABC6-DC1FC8410B63}.Release|Any CPU.ActiveCfg = Release|Any CPU
		{CCA47F79-323A-43C4-ABC6-DC1FC8410B63}.Release|Any CPU.Build.0 = Release|Any CPU
		{CCA47F79-323A-43C4-ABC6-DC1FC8410B63}.Release|x64.ActiveCfg = Release|Any CPU
		{CCA47F79-323A-43C4-ABC6-DC1FC8410B63}.Release|x64.Build.0 = Release|Any CPU
		{CCA47F79-323A-43C4-ABC6-DC1FC8410B63}.Release|x86.ActiveCfg = Release|Any CPU
		{CCA47F79-323A-43C4-ABC6-DC1FC8410B63}.Release|x86.Build.0 = Release|Any CPU
		{6AC228F5-E27A-456C-95A8-D6E4236547A0}.Debug|Any CPU.ActiveCfg = Debug|Any CPU
		{6AC228F5-E27A-456C-95A8-D6E4236547A0}.Debug|Any CPU.Build.0 = Debug|Any CPU
		{6AC228F5-E27A-456C-95A8-D6E4236547A0}.Debug|x64.ActiveCfg = Debug|Any CPU
		{6AC228F5-E27A-456C-95A8-D6E4236547A0}.Debug|x64.Build.0 = Debug|Any CPU
		{6AC228F5-E27A-456C-95A8-D6E4236547A0}.Debug|x86.ActiveCfg = Debug|Any CPU
		{6AC228F5-E27A-456C-95A8-D6E4236547A0}.Debug|x86.Build.0 = Debug|Any CPU
		{6AC228F5-E27A-456C-95A8-D6E4236547A0}.Release|Any CPU.ActiveCfg = Release|Any CPU
		{6AC228F5-E27A-456C-95A8-D6E4236547A0}.Release|Any CPU.Build.0 = Release|Any CPU
		{6AC228F5-E27A-456C-95A8-D6E4236547A0}.Release|x64.ActiveCfg = Release|Any CPU
		{6AC228F5-E27A-456C-95A8-D6E4236547A0}.Release|x64.Build.0 = Release|Any CPU
		{6AC228F5-E27A-456C-95A8-D6E4236547A0}.Release|x86.ActiveCfg = Release|Any CPU
		{6AC228F5-E27A-456C-95A8-D6E4236547A0}.Release|x86.Build.0 = Release|Any CPU
		{92C0E737-90DF-46D1-9174-476F5931BDD3}.Debug|Any CPU.ActiveCfg = Debug|Any CPU
		{92C0E737-90DF-46D1-9174-476F5931BDD3}.Debug|Any CPU.Build.0 = Debug|Any CPU
		{92C0E737-90DF-46D1-9174-476F5931BDD3}.Debug|x64.ActiveCfg = Debug|Any CPU
		{92C0E737-90DF-46D1-9174-476F5931BDD3}.Debug|x64.Build.0 = Debug|Any CPU
		{92C0E737-90DF-46D1-9174-476F5931BDD3}.Debug|x86.ActiveCfg = Debug|Any CPU
		{92C0E737-90DF-46D1-9174-476F5931BDD3}.Debug|x86.Build.0 = Debug|Any CPU
		{92C0E737-90DF-46D1-9174-476F5931BDD3}.Release|Any CPU.ActiveCfg = Release|Any CPU
		{92C0E737-90DF-46D1-9174-476F5931BDD3}.Release|Any CPU.Build.0 = Release|Any CPU
		{92C0E737-90DF-46D1-9174-476F5931BDD3}.Release|x64.ActiveCfg = Release|Any CPU
		{92C0E737-90DF-46D1-9174-476F5931BDD3}.Release|x64.Build.0 = Release|Any CPU
		{92C0E737-90DF-46D1-9174-476F5931BDD3}.Release|x86.ActiveCfg = Release|Any CPU
		{92C0E737-90DF-46D1-9174-476F5931BDD3}.Release|x86.Build.0 = Release|Any CPU
		{6FFD6D38-C97C-4495-9B92-E99BF8388F0F}.Debug|Any CPU.ActiveCfg = Debug|Any CPU
		{6FFD6D38-C97C-4495-9B92-E99BF8388F0F}.Debug|Any CPU.Build.0 = Debug|Any CPU
		{6FFD6D38-C97C-4495-9B92-E99BF8388F0F}.Debug|x64.ActiveCfg = Debug|Any CPU
		{6FFD6D38-C97C-4495-9B92-E99BF8388F0F}.Debug|x64.Build.0 = Debug|Any CPU
		{6FFD6D38-C97C-4495-9B92-E99BF8388F0F}.Debug|x86.ActiveCfg = Debug|Any CPU
		{6FFD6D38-C97C-4495-9B92-E99BF8388F0F}.Debug|x86.Build.0 = Debug|Any CPU
		{6FFD6D38-C97C-4495-9B92-E99BF8388F0F}.Release|Any CPU.ActiveCfg = Release|Any CPU
		{6FFD6D38-C97C-4495-9B92-E99BF8388F0F}.Release|Any CPU.Build.0 = Release|Any CPU
		{6FFD6D38-C97C-4495-9B92-E99BF8388F0F}.Release|x64.ActiveCfg = Release|Any CPU
		{6FFD6D38-C97C-4495-9B92-E99BF8388F0F}.Release|x64.Build.0 = Release|Any CPU
		{6FFD6D38-C97C-4495-9B92-E99BF8388F0F}.Release|x86.ActiveCfg = Release|Any CPU
		{6FFD6D38-C97C-4495-9B92-E99BF8388F0F}.Release|x86.Build.0 = Release|Any CPU
		{E7D34E55-DEEA-40AE-8348-90C5161F0B17}.Debug|Any CPU.ActiveCfg = Debug|Any CPU
		{E7D34E55-DEEA-40AE-8348-90C5161F0B17}.Debug|Any CPU.Build.0 = Debug|Any CPU
		{E7D34E55-DEEA-40AE-8348-90C5161F0B17}.Debug|x64.ActiveCfg = Debug|Any CPU
		{E7D34E55-DEEA-40AE-8348-90C5161F0B17}.Debug|x64.Build.0 = Debug|Any CPU
		{E7D34E55-DEEA-40AE-8348-90C5161F0B17}.Debug|x86.ActiveCfg = Debug|Any CPU
		{E7D34E55-DEEA-40AE-8348-90C5161F0B17}.Debug|x86.Build.0 = Debug|Any CPU
		{E7D34E55-DEEA-40AE-8348-90C5161F0B17}.Release|Any CPU.ActiveCfg = Release|Any CPU
		{E7D34E55-DEEA-40AE-8348-90C5161F0B17}.Release|Any CPU.Build.0 = Release|Any CPU
		{E7D34E55-DEEA-40AE-8348-90C5161F0B17}.Release|x64.ActiveCfg = Release|Any CPU
		{E7D34E55-DEEA-40AE-8348-90C5161F0B17}.Release|x64.Build.0 = Release|Any CPU
		{E7D34E55-DEEA-40AE-8348-90C5161F0B17}.Release|x86.ActiveCfg = Release|Any CPU
		{E7D34E55-DEEA-40AE-8348-90C5161F0B17}.Release|x86.Build.0 = Release|Any CPU
		{B2C8653A-34CA-4F00-BF17-090D44DD7422}.Debug|Any CPU.ActiveCfg = Debug|Any CPU
		{B2C8653A-34CA-4F00-BF17-090D44DD7422}.Debug|Any CPU.Build.0 = Debug|Any CPU
		{B2C8653A-34CA-4F00-BF17-090D44DD7422}.Debug|x64.ActiveCfg = Debug|Any CPU
		{B2C8653A-34CA-4F00-BF17-090D44DD7422}.Debug|x64.Build.0 = Debug|Any CPU
		{B2C8653A-34CA-4F00-BF17-090D44DD7422}.Debug|x86.ActiveCfg = Debug|Any CPU
		{B2C8653A-34CA-4F00-BF17-090D44DD7422}.Debug|x86.Build.0 = Debug|Any CPU
		{B2C8653A-34CA-4F00-BF17-090D44DD7422}.Release|Any CPU.ActiveCfg = Release|Any CPU
		{B2C8653A-34CA-4F00-BF17-090D44DD7422}.Release|Any CPU.Build.0 = Release|Any CPU
		{B2C8653A-34CA-4F00-BF17-090D44DD7422}.Release|x64.ActiveCfg = Release|Any CPU
		{B2C8653A-34CA-4F00-BF17-090D44DD7422}.Release|x64.Build.0 = Release|Any CPU
		{B2C8653A-34CA-4F00-BF17-090D44DD7422}.Release|x86.ActiveCfg = Release|Any CPU
		{B2C8653A-34CA-4F00-BF17-090D44DD7422}.Release|x86.Build.0 = Release|Any CPU
		{56D97D60-1166-4E3B-B128-2F0219C102F7}.Debug|Any CPU.ActiveCfg = Debug|Any CPU
		{56D97D60-1166-4E3B-B128-2F0219C102F7}.Debug|Any CPU.Build.0 = Debug|Any CPU
		{56D97D60-1166-4E3B-B128-2F0219C102F7}.Debug|x64.ActiveCfg = Debug|Any CPU
		{56D97D60-1166-4E3B-B128-2F0219C102F7}.Debug|x64.Build.0 = Debug|Any CPU
		{56D97D60-1166-4E3B-B128-2F0219C102F7}.Debug|x86.ActiveCfg = Debug|Any CPU
		{56D97D60-1166-4E3B-B128-2F0219C102F7}.Debug|x86.Build.0 = Debug|Any CPU
		{56D97D60-1166-4E3B-B128-2F0219C102F7}.Release|Any CPU.ActiveCfg = Release|Any CPU
		{56D97D60-1166-4E3B-B128-2F0219C102F7}.Release|Any CPU.Build.0 = Release|Any CPU
		{56D97D60-1166-4E3B-B128-2F0219C102F7}.Release|x64.ActiveCfg = Release|Any CPU
		{56D97D60-1166-4E3B-B128-2F0219C102F7}.Release|x64.Build.0 = Release|Any CPU
		{56D97D60-1166-4E3B-B128-2F0219C102F7}.Release|x86.ActiveCfg = Release|Any CPU
		{56D97D60-1166-4E3B-B128-2F0219C102F7}.Release|x86.Build.0 = Release|Any CPU
		{ADCE8DDF-AD4D-4AD1-B7F7-213084B228E5}.Debug|Any CPU.ActiveCfg = Debug|Any CPU
		{ADCE8DDF-AD4D-4AD1-B7F7-213084B228E5}.Debug|Any CPU.Build.0 = Debug|Any CPU
		{ADCE8DDF-AD4D-4AD1-B7F7-213084B228E5}.Debug|x64.ActiveCfg = Debug|Any CPU
		{ADCE8DDF-AD4D-4AD1-B7F7-213084B228E5}.Debug|x64.Build.0 = Debug|Any CPU
		{ADCE8DDF-AD4D-4AD1-B7F7-213084B228E5}.Debug|x86.ActiveCfg = Debug|Any CPU
		{ADCE8DDF-AD4D-4AD1-B7F7-213084B228E5}.Debug|x86.Build.0 = Debug|Any CPU
		{ADCE8DDF-AD4D-4AD1-B7F7-213084B228E5}.Release|Any CPU.ActiveCfg = Release|Any CPU
		{ADCE8DDF-AD4D-4AD1-B7F7-213084B228E5}.Release|Any CPU.Build.0 = Release|Any CPU
		{ADCE8DDF-AD4D-4AD1-B7F7-213084B228E5}.Release|x64.ActiveCfg = Release|Any CPU
		{ADCE8DDF-AD4D-4AD1-B7F7-213084B228E5}.Release|x64.Build.0 = Release|Any CPU
		{ADCE8DDF-AD4D-4AD1-B7F7-213084B228E5}.Release|x86.ActiveCfg = Release|Any CPU
		{ADCE8DDF-AD4D-4AD1-B7F7-213084B228E5}.Release|x86.Build.0 = Release|Any CPU
		{508DFC76-0E49-4031-9416-52ECB63046D2}.Debug|Any CPU.ActiveCfg = Debug|Any CPU
		{508DFC76-0E49-4031-9416-52ECB63046D2}.Debug|Any CPU.Build.0 = Debug|Any CPU
		{508DFC76-0E49-4031-9416-52ECB63046D2}.Debug|x64.ActiveCfg = Debug|Any CPU
		{508DFC76-0E49-4031-9416-52ECB63046D2}.Debug|x64.Build.0 = Debug|Any CPU
		{508DFC76-0E49-4031-9416-52ECB63046D2}.Debug|x86.ActiveCfg = Debug|Any CPU
		{508DFC76-0E49-4031-9416-52ECB63046D2}.Debug|x86.Build.0 = Debug|Any CPU
		{508DFC76-0E49-4031-9416-52ECB63046D2}.Release|Any CPU.ActiveCfg = Release|Any CPU
		{508DFC76-0E49-4031-9416-52ECB63046D2}.Release|Any CPU.Build.0 = Release|Any CPU
		{508DFC76-0E49-4031-9416-52ECB63046D2}.Release|x64.ActiveCfg = Release|Any CPU
		{508DFC76-0E49-4031-9416-52ECB63046D2}.Release|x64.Build.0 = Release|Any CPU
		{508DFC76-0E49-4031-9416-52ECB63046D2}.Release|x86.ActiveCfg = Release|Any CPU
		{508DFC76-0E49-4031-9416-52ECB63046D2}.Release|x86.Build.0 = Release|Any CPU
		{F5814528-2EB8-4739-8A8E-23AC814CBC64}.Debug|Any CPU.ActiveCfg = Debug|Any CPU
		{F5814528-2EB8-4739-8A8E-23AC814CBC64}.Debug|Any CPU.Build.0 = Debug|Any CPU
		{F5814528-2EB8-4739-8A8E-23AC814CBC64}.Debug|x64.ActiveCfg = Debug|Any CPU
		{F5814528-2EB8-4739-8A8E-23AC814CBC64}.Debug|x64.Build.0 = Debug|Any CPU
		{F5814528-2EB8-4739-8A8E-23AC814CBC64}.Debug|x86.ActiveCfg = Debug|Any CPU
		{F5814528-2EB8-4739-8A8E-23AC814CBC64}.Debug|x86.Build.0 = Debug|Any CPU
		{F5814528-2EB8-4739-8A8E-23AC814CBC64}.Release|Any CPU.ActiveCfg = Release|Any CPU
		{F5814528-2EB8-4739-8A8E-23AC814CBC64}.Release|Any CPU.Build.0 = Release|Any CPU
		{F5814528-2EB8-4739-8A8E-23AC814CBC64}.Release|x64.ActiveCfg = Release|Any CPU
		{F5814528-2EB8-4739-8A8E-23AC814CBC64}.Release|x64.Build.0 = Release|Any CPU
		{F5814528-2EB8-4739-8A8E-23AC814CBC64}.Release|x86.ActiveCfg = Release|Any CPU
		{F5814528-2EB8-4739-8A8E-23AC814CBC64}.Release|x86.Build.0 = Release|Any CPU
		{5419676F-A526-4E81-8993-A0FC9BCFA255}.Debug|Any CPU.ActiveCfg = Debug|Any CPU
		{5419676F-A526-4E81-8993-A0FC9BCFA255}.Debug|Any CPU.Build.0 = Debug|Any CPU
		{5419676F-A526-4E81-8993-A0FC9BCFA255}.Debug|x64.ActiveCfg = Debug|Any CPU
		{5419676F-A526-4E81-8993-A0FC9BCFA255}.Debug|x64.Build.0 = Debug|Any CPU
		{5419676F-A526-4E81-8993-A0FC9BCFA255}.Debug|x86.ActiveCfg = Debug|Any CPU
		{5419676F-A526-4E81-8993-A0FC9BCFA255}.Debug|x86.Build.0 = Debug|Any CPU
		{5419676F-A526-4E81-8993-A0FC9BCFA255}.Release|Any CPU.ActiveCfg = Release|Any CPU
		{5419676F-A526-4E81-8993-A0FC9BCFA255}.Release|Any CPU.Build.0 = Release|Any CPU
		{5419676F-A526-4E81-8993-A0FC9BCFA255}.Release|x64.ActiveCfg = Release|Any CPU
		{5419676F-A526-4E81-8993-A0FC9BCFA255}.Release|x64.Build.0 = Release|Any CPU
		{5419676F-A526-4E81-8993-A0FC9BCFA255}.Release|x86.ActiveCfg = Release|Any CPU
		{5419676F-A526-4E81-8993-A0FC9BCFA255}.Release|x86.Build.0 = Release|Any CPU
		{55EC8E28-4DDC-4243-9C7F-080803CB8026}.Debug|Any CPU.ActiveCfg = Debug|Any CPU
		{55EC8E28-4DDC-4243-9C7F-080803CB8026}.Debug|Any CPU.Build.0 = Debug|Any CPU
		{55EC8E28-4DDC-4243-9C7F-080803CB8026}.Debug|x64.ActiveCfg = Debug|Any CPU
		{55EC8E28-4DDC-4243-9C7F-080803CB8026}.Debug|x64.Build.0 = Debug|Any CPU
		{55EC8E28-4DDC-4243-9C7F-080803CB8026}.Debug|x86.ActiveCfg = Debug|Any CPU
		{55EC8E28-4DDC-4243-9C7F-080803CB8026}.Debug|x86.Build.0 = Debug|Any CPU
		{55EC8E28-4DDC-4243-9C7F-080803CB8026}.Release|Any CPU.ActiveCfg = Release|Any CPU
		{55EC8E28-4DDC-4243-9C7F-080803CB8026}.Release|Any CPU.Build.0 = Release|Any CPU
		{55EC8E28-4DDC-4243-9C7F-080803CB8026}.Release|x64.ActiveCfg = Release|Any CPU
		{55EC8E28-4DDC-4243-9C7F-080803CB8026}.Release|x64.Build.0 = Release|Any CPU
		{55EC8E28-4DDC-4243-9C7F-080803CB8026}.Release|x86.ActiveCfg = Release|Any CPU
		{55EC8E28-4DDC-4243-9C7F-080803CB8026}.Release|x86.Build.0 = Release|Any CPU
		{E240391E-C6A1-4EBC-B976-C631D3F3207D}.Debug|Any CPU.ActiveCfg = Debug|Any CPU
		{E240391E-C6A1-4EBC-B976-C631D3F3207D}.Debug|Any CPU.Build.0 = Debug|Any CPU
		{E240391E-C6A1-4EBC-B976-C631D3F3207D}.Debug|x64.ActiveCfg = Debug|Any CPU
		{E240391E-C6A1-4EBC-B976-C631D3F3207D}.Debug|x64.Build.0 = Debug|Any CPU
		{E240391E-C6A1-4EBC-B976-C631D3F3207D}.Debug|x86.ActiveCfg = Debug|Any CPU
		{E240391E-C6A1-4EBC-B976-C631D3F3207D}.Debug|x86.Build.0 = Debug|Any CPU
		{E240391E-C6A1-4EBC-B976-C631D3F3207D}.Release|Any CPU.ActiveCfg = Release|Any CPU
		{E240391E-C6A1-4EBC-B976-C631D3F3207D}.Release|Any CPU.Build.0 = Release|Any CPU
		{E240391E-C6A1-4EBC-B976-C631D3F3207D}.Release|x64.ActiveCfg = Release|Any CPU
		{E240391E-C6A1-4EBC-B976-C631D3F3207D}.Release|x64.Build.0 = Release|Any CPU
		{E240391E-C6A1-4EBC-B976-C631D3F3207D}.Release|x86.ActiveCfg = Release|Any CPU
		{E240391E-C6A1-4EBC-B976-C631D3F3207D}.Release|x86.Build.0 = Release|Any CPU
		{3217BAC0-1C0B-4986-AB72-EA87A3898548}.Debug|Any CPU.ActiveCfg = Debug|Any CPU
		{3217BAC0-1C0B-4986-AB72-EA87A3898548}.Debug|Any CPU.Build.0 = Debug|Any CPU
		{3217BAC0-1C0B-4986-AB72-EA87A3898548}.Debug|x64.ActiveCfg = Debug|Any CPU
		{3217BAC0-1C0B-4986-AB72-EA87A3898548}.Debug|x64.Build.0 = Debug|Any CPU
		{3217BAC0-1C0B-4986-AB72-EA87A3898548}.Debug|x86.ActiveCfg = Debug|Any CPU
		{3217BAC0-1C0B-4986-AB72-EA87A3898548}.Debug|x86.Build.0 = Debug|Any CPU
		{3217BAC0-1C0B-4986-AB72-EA87A3898548}.Release|Any CPU.ActiveCfg = Release|Any CPU
		{3217BAC0-1C0B-4986-AB72-EA87A3898548}.Release|Any CPU.Build.0 = Release|Any CPU
		{3217BAC0-1C0B-4986-AB72-EA87A3898548}.Release|x64.ActiveCfg = Release|Any CPU
		{3217BAC0-1C0B-4986-AB72-EA87A3898548}.Release|x64.Build.0 = Release|Any CPU
		{3217BAC0-1C0B-4986-AB72-EA87A3898548}.Release|x86.ActiveCfg = Release|Any CPU
		{3217BAC0-1C0B-4986-AB72-EA87A3898548}.Release|x86.Build.0 = Release|Any CPU
		{FC1706BA-2CD7-4FB9-9A68-4A4A1B320AB0}.Debug|Any CPU.ActiveCfg = Debug|Any CPU
		{FC1706BA-2CD7-4FB9-9A68-4A4A1B320AB0}.Debug|Any CPU.Build.0 = Debug|Any CPU
		{FC1706BA-2CD7-4FB9-9A68-4A4A1B320AB0}.Debug|x64.ActiveCfg = Debug|Any CPU
		{FC1706BA-2CD7-4FB9-9A68-4A4A1B320AB0}.Debug|x64.Build.0 = Debug|Any CPU
		{FC1706BA-2CD7-4FB9-9A68-4A4A1B320AB0}.Debug|x86.ActiveCfg = Debug|Any CPU
		{FC1706BA-2CD7-4FB9-9A68-4A4A1B320AB0}.Debug|x86.Build.0 = Debug|Any CPU
		{FC1706BA-2CD7-4FB9-9A68-4A4A1B320AB0}.Release|Any CPU.ActiveCfg = Release|Any CPU
		{FC1706BA-2CD7-4FB9-9A68-4A4A1B320AB0}.Release|Any CPU.Build.0 = Release|Any CPU
		{FC1706BA-2CD7-4FB9-9A68-4A4A1B320AB0}.Release|x64.ActiveCfg = Release|Any CPU
		{FC1706BA-2CD7-4FB9-9A68-4A4A1B320AB0}.Release|x64.Build.0 = Release|Any CPU
		{FC1706BA-2CD7-4FB9-9A68-4A4A1B320AB0}.Release|x86.ActiveCfg = Release|Any CPU
		{FC1706BA-2CD7-4FB9-9A68-4A4A1B320AB0}.Release|x86.Build.0 = Release|Any CPU
		{20EE2C14-D269-4AA5-98C0-765FF8818243}.Debug|Any CPU.ActiveCfg = Debug|Any CPU
		{20EE2C14-D269-4AA5-98C0-765FF8818243}.Debug|Any CPU.Build.0 = Debug|Any CPU
		{20EE2C14-D269-4AA5-98C0-765FF8818243}.Debug|x64.ActiveCfg = Debug|Any CPU
		{20EE2C14-D269-4AA5-98C0-765FF8818243}.Debug|x64.Build.0 = Debug|Any CPU
		{20EE2C14-D269-4AA5-98C0-765FF8818243}.Debug|x86.ActiveCfg = Debug|Any CPU
		{20EE2C14-D269-4AA5-98C0-765FF8818243}.Debug|x86.Build.0 = Debug|Any CPU
		{20EE2C14-D269-4AA5-98C0-765FF8818243}.Release|Any CPU.ActiveCfg = Release|Any CPU
		{20EE2C14-D269-4AA5-98C0-765FF8818243}.Release|Any CPU.Build.0 = Release|Any CPU
		{20EE2C14-D269-4AA5-98C0-765FF8818243}.Release|x64.ActiveCfg = Release|Any CPU
		{20EE2C14-D269-4AA5-98C0-765FF8818243}.Release|x64.Build.0 = Release|Any CPU
		{20EE2C14-D269-4AA5-98C0-765FF8818243}.Release|x86.ActiveCfg = Release|Any CPU
		{20EE2C14-D269-4AA5-98C0-765FF8818243}.Release|x86.Build.0 = Release|Any CPU
		{328680C4-21DE-451E-B3DF-56B2C4A4D51A}.Debug|Any CPU.ActiveCfg = Debug|Any CPU
		{328680C4-21DE-451E-B3DF-56B2C4A4D51A}.Debug|Any CPU.Build.0 = Debug|Any CPU
		{328680C4-21DE-451E-B3DF-56B2C4A4D51A}.Debug|x64.ActiveCfg = Debug|Any CPU
		{328680C4-21DE-451E-B3DF-56B2C4A4D51A}.Debug|x64.Build.0 = Debug|Any CPU
		{328680C4-21DE-451E-B3DF-56B2C4A4D51A}.Debug|x86.ActiveCfg = Debug|Any CPU
		{328680C4-21DE-451E-B3DF-56B2C4A4D51A}.Debug|x86.Build.0 = Debug|Any CPU
		{328680C4-21DE-451E-B3DF-56B2C4A4D51A}.Release|Any CPU.ActiveCfg = Release|Any CPU
		{328680C4-21DE-451E-B3DF-56B2C4A4D51A}.Release|Any CPU.Build.0 = Release|Any CPU
		{328680C4-21DE-451E-B3DF-56B2C4A4D51A}.Release|x64.ActiveCfg = Release|Any CPU
		{328680C4-21DE-451E-B3DF-56B2C4A4D51A}.Release|x64.Build.0 = Release|Any CPU
		{328680C4-21DE-451E-B3DF-56B2C4A4D51A}.Release|x86.ActiveCfg = Release|Any CPU
		{328680C4-21DE-451E-B3DF-56B2C4A4D51A}.Release|x86.Build.0 = Release|Any CPU
		{B9C41173-C17E-41D6-86F5-F2747AAD1F06}.Debug|Any CPU.ActiveCfg = Debug|Any CPU
		{B9C41173-C17E-41D6-86F5-F2747AAD1F06}.Debug|Any CPU.Build.0 = Debug|Any CPU
		{B9C41173-C17E-41D6-86F5-F2747AAD1F06}.Debug|x64.ActiveCfg = Debug|Any CPU
		{B9C41173-C17E-41D6-86F5-F2747AAD1F06}.Debug|x64.Build.0 = Debug|Any CPU
		{B9C41173-C17E-41D6-86F5-F2747AAD1F06}.Debug|x86.ActiveCfg = Debug|Any CPU
		{B9C41173-C17E-41D6-86F5-F2747AAD1F06}.Debug|x86.Build.0 = Debug|Any CPU
		{B9C41173-C17E-41D6-86F5-F2747AAD1F06}.Release|Any CPU.ActiveCfg = Release|Any CPU
		{B9C41173-C17E-41D6-86F5-F2747AAD1F06}.Release|Any CPU.Build.0 = Release|Any CPU
		{B9C41173-C17E-41D6-86F5-F2747AAD1F06}.Release|x64.ActiveCfg = Release|Any CPU
		{B9C41173-C17E-41D6-86F5-F2747AAD1F06}.Release|x64.Build.0 = Release|Any CPU
		{B9C41173-C17E-41D6-86F5-F2747AAD1F06}.Release|x86.ActiveCfg = Release|Any CPU
		{B9C41173-C17E-41D6-86F5-F2747AAD1F06}.Release|x86.Build.0 = Release|Any CPU
		{0EF198D3-9FDD-4B31-9107-7BCC073F5BA5}.Debug|Any CPU.ActiveCfg = Debug|Any CPU
		{0EF198D3-9FDD-4B31-9107-7BCC073F5BA5}.Debug|Any CPU.Build.0 = Debug|Any CPU
		{0EF198D3-9FDD-4B31-9107-7BCC073F5BA5}.Debug|x64.ActiveCfg = Debug|Any CPU
		{0EF198D3-9FDD-4B31-9107-7BCC073F5BA5}.Debug|x64.Build.0 = Debug|Any CPU
		{0EF198D3-9FDD-4B31-9107-7BCC073F5BA5}.Debug|x86.ActiveCfg = Debug|Any CPU
		{0EF198D3-9FDD-4B31-9107-7BCC073F5BA5}.Debug|x86.Build.0 = Debug|Any CPU
		{0EF198D3-9FDD-4B31-9107-7BCC073F5BA5}.Release|Any CPU.ActiveCfg = Release|Any CPU
		{0EF198D3-9FDD-4B31-9107-7BCC073F5BA5}.Release|Any CPU.Build.0 = Release|Any CPU
		{0EF198D3-9FDD-4B31-9107-7BCC073F5BA5}.Release|x64.ActiveCfg = Release|Any CPU
		{0EF198D3-9FDD-4B31-9107-7BCC073F5BA5}.Release|x64.Build.0 = Release|Any CPU
		{0EF198D3-9FDD-4B31-9107-7BCC073F5BA5}.Release|x86.ActiveCfg = Release|Any CPU
		{0EF198D3-9FDD-4B31-9107-7BCC073F5BA5}.Release|x86.Build.0 = Release|Any CPU
		{4452118C-6797-4427-A256-4F0CA3B36305}.Debug|Any CPU.ActiveCfg = Debug|Any CPU
		{4452118C-6797-4427-A256-4F0CA3B36305}.Debug|Any CPU.Build.0 = Debug|Any CPU
		{4452118C-6797-4427-A256-4F0CA3B36305}.Debug|x64.ActiveCfg = Debug|Any CPU
		{4452118C-6797-4427-A256-4F0CA3B36305}.Debug|x64.Build.0 = Debug|Any CPU
		{4452118C-6797-4427-A256-4F0CA3B36305}.Debug|x86.ActiveCfg = Debug|Any CPU
		{4452118C-6797-4427-A256-4F0CA3B36305}.Debug|x86.Build.0 = Debug|Any CPU
		{4452118C-6797-4427-A256-4F0CA3B36305}.Release|Any CPU.ActiveCfg = Release|Any CPU
		{4452118C-6797-4427-A256-4F0CA3B36305}.Release|Any CPU.Build.0 = Release|Any CPU
		{4452118C-6797-4427-A256-4F0CA3B36305}.Release|x64.ActiveCfg = Release|Any CPU
		{4452118C-6797-4427-A256-4F0CA3B36305}.Release|x64.Build.0 = Release|Any CPU
		{4452118C-6797-4427-A256-4F0CA3B36305}.Release|x86.ActiveCfg = Release|Any CPU
		{4452118C-6797-4427-A256-4F0CA3B36305}.Release|x86.Build.0 = Release|Any CPU
		{2A9AA688-F425-4852-B2DC-2C28C8D19E3D}.Debug|Any CPU.ActiveCfg = Debug|Any CPU
		{2A9AA688-F425-4852-B2DC-2C28C8D19E3D}.Debug|Any CPU.Build.0 = Debug|Any CPU
		{2A9AA688-F425-4852-B2DC-2C28C8D19E3D}.Debug|x64.ActiveCfg = Debug|Any CPU
		{2A9AA688-F425-4852-B2DC-2C28C8D19E3D}.Debug|x64.Build.0 = Debug|Any CPU
		{2A9AA688-F425-4852-B2DC-2C28C8D19E3D}.Debug|x86.ActiveCfg = Debug|Any CPU
		{2A9AA688-F425-4852-B2DC-2C28C8D19E3D}.Debug|x86.Build.0 = Debug|Any CPU
		{2A9AA688-F425-4852-B2DC-2C28C8D19E3D}.Release|Any CPU.ActiveCfg = Release|Any CPU
		{2A9AA688-F425-4852-B2DC-2C28C8D19E3D}.Release|Any CPU.Build.0 = Release|Any CPU
		{2A9AA688-F425-4852-B2DC-2C28C8D19E3D}.Release|x64.ActiveCfg = Release|Any CPU
		{2A9AA688-F425-4852-B2DC-2C28C8D19E3D}.Release|x64.Build.0 = Release|Any CPU
		{2A9AA688-F425-4852-B2DC-2C28C8D19E3D}.Release|x86.ActiveCfg = Release|Any CPU
		{2A9AA688-F425-4852-B2DC-2C28C8D19E3D}.Release|x86.Build.0 = Release|Any CPU
		{A83246BA-4CCD-42CF-90FC-177CEE66F29D}.Debug|Any CPU.ActiveCfg = Debug|Any CPU
		{A83246BA-4CCD-42CF-90FC-177CEE66F29D}.Debug|Any CPU.Build.0 = Debug|Any CPU
		{A83246BA-4CCD-42CF-90FC-177CEE66F29D}.Debug|x64.ActiveCfg = Debug|Any CPU
		{A83246BA-4CCD-42CF-90FC-177CEE66F29D}.Debug|x64.Build.0 = Debug|Any CPU
		{A83246BA-4CCD-42CF-90FC-177CEE66F29D}.Debug|x86.ActiveCfg = Debug|Any CPU
		{A83246BA-4CCD-42CF-90FC-177CEE66F29D}.Debug|x86.Build.0 = Debug|Any CPU
		{A83246BA-4CCD-42CF-90FC-177CEE66F29D}.Release|Any CPU.ActiveCfg = Release|Any CPU
		{A83246BA-4CCD-42CF-90FC-177CEE66F29D}.Release|Any CPU.Build.0 = Release|Any CPU
		{A83246BA-4CCD-42CF-90FC-177CEE66F29D}.Release|x64.ActiveCfg = Release|Any CPU
		{A83246BA-4CCD-42CF-90FC-177CEE66F29D}.Release|x64.Build.0 = Release|Any CPU
		{A83246BA-4CCD-42CF-90FC-177CEE66F29D}.Release|x86.ActiveCfg = Release|Any CPU
		{A83246BA-4CCD-42CF-90FC-177CEE66F29D}.Release|x86.Build.0 = Release|Any CPU
		{6A58E906-AC08-485A-BFD3-3D0CFC61C599}.Debug|Any CPU.ActiveCfg = Debug|Any CPU
		{6A58E906-AC08-485A-BFD3-3D0CFC61C599}.Debug|Any CPU.Build.0 = Debug|Any CPU
		{6A58E906-AC08-485A-BFD3-3D0CFC61C599}.Debug|x64.ActiveCfg = Debug|Any CPU
		{6A58E906-AC08-485A-BFD3-3D0CFC61C599}.Debug|x64.Build.0 = Debug|Any CPU
		{6A58E906-AC08-485A-BFD3-3D0CFC61C599}.Debug|x86.ActiveCfg = Debug|Any CPU
		{6A58E906-AC08-485A-BFD3-3D0CFC61C599}.Debug|x86.Build.0 = Debug|Any CPU
		{6A58E906-AC08-485A-BFD3-3D0CFC61C599}.Release|Any CPU.ActiveCfg = Release|Any CPU
		{6A58E906-AC08-485A-BFD3-3D0CFC61C599}.Release|Any CPU.Build.0 = Release|Any CPU
		{6A58E906-AC08-485A-BFD3-3D0CFC61C599}.Release|x64.ActiveCfg = Release|Any CPU
		{6A58E906-AC08-485A-BFD3-3D0CFC61C599}.Release|x64.Build.0 = Release|Any CPU
		{6A58E906-AC08-485A-BFD3-3D0CFC61C599}.Release|x86.ActiveCfg = Release|Any CPU
		{6A58E906-AC08-485A-BFD3-3D0CFC61C599}.Release|x86.Build.0 = Release|Any CPU
		{8341035C-7105-4F1E-AF4B-3CB3E6EB409E}.Debug|Any CPU.ActiveCfg = Debug|Any CPU
		{8341035C-7105-4F1E-AF4B-3CB3E6EB409E}.Debug|Any CPU.Build.0 = Debug|Any CPU
		{8341035C-7105-4F1E-AF4B-3CB3E6EB409E}.Debug|x64.ActiveCfg = Debug|Any CPU
		{8341035C-7105-4F1E-AF4B-3CB3E6EB409E}.Debug|x64.Build.0 = Debug|Any CPU
		{8341035C-7105-4F1E-AF4B-3CB3E6EB409E}.Debug|x86.ActiveCfg = Debug|Any CPU
		{8341035C-7105-4F1E-AF4B-3CB3E6EB409E}.Debug|x86.Build.0 = Debug|Any CPU
		{8341035C-7105-4F1E-AF4B-3CB3E6EB409E}.Release|Any CPU.ActiveCfg = Release|Any CPU
		{8341035C-7105-4F1E-AF4B-3CB3E6EB409E}.Release|Any CPU.Build.0 = Release|Any CPU
		{8341035C-7105-4F1E-AF4B-3CB3E6EB409E}.Release|x64.ActiveCfg = Release|Any CPU
		{8341035C-7105-4F1E-AF4B-3CB3E6EB409E}.Release|x64.Build.0 = Release|Any CPU
		{8341035C-7105-4F1E-AF4B-3CB3E6EB409E}.Release|x86.ActiveCfg = Release|Any CPU
		{8341035C-7105-4F1E-AF4B-3CB3E6EB409E}.Release|x86.Build.0 = Release|Any CPU
		{ABF38666-EB32-446F-B1D8-85D7E5666155}.Debug|Any CPU.ActiveCfg = Debug|Any CPU
		{ABF38666-EB32-446F-B1D8-85D7E5666155}.Debug|Any CPU.Build.0 = Debug|Any CPU
		{ABF38666-EB32-446F-B1D8-85D7E5666155}.Debug|x64.ActiveCfg = Debug|Any CPU
		{ABF38666-EB32-446F-B1D8-85D7E5666155}.Debug|x64.Build.0 = Debug|Any CPU
		{ABF38666-EB32-446F-B1D8-85D7E5666155}.Debug|x86.ActiveCfg = Debug|Any CPU
		{ABF38666-EB32-446F-B1D8-85D7E5666155}.Debug|x86.Build.0 = Debug|Any CPU
		{ABF38666-EB32-446F-B1D8-85D7E5666155}.Release|Any CPU.ActiveCfg = Release|Any CPU
		{ABF38666-EB32-446F-B1D8-85D7E5666155}.Release|Any CPU.Build.0 = Release|Any CPU
		{ABF38666-EB32-446F-B1D8-85D7E5666155}.Release|x64.ActiveCfg = Release|Any CPU
		{ABF38666-EB32-446F-B1D8-85D7E5666155}.Release|x64.Build.0 = Release|Any CPU
		{ABF38666-EB32-446F-B1D8-85D7E5666155}.Release|x86.ActiveCfg = Release|Any CPU
		{ABF38666-EB32-446F-B1D8-85D7E5666155}.Release|x86.Build.0 = Release|Any CPU
		{CD87CA7C-32D4-44E8-B733-ADC9C1AE427E}.Debug|Any CPU.ActiveCfg = Debug|Any CPU
		{CD87CA7C-32D4-44E8-B733-ADC9C1AE427E}.Debug|Any CPU.Build.0 = Debug|Any CPU
		{CD87CA7C-32D4-44E8-B733-ADC9C1AE427E}.Debug|x64.ActiveCfg = Debug|Any CPU
		{CD87CA7C-32D4-44E8-B733-ADC9C1AE427E}.Debug|x64.Build.0 = Debug|Any CPU
		{CD87CA7C-32D4-44E8-B733-ADC9C1AE427E}.Debug|x86.ActiveCfg = Debug|Any CPU
		{CD87CA7C-32D4-44E8-B733-ADC9C1AE427E}.Debug|x86.Build.0 = Debug|Any CPU
		{CD87CA7C-32D4-44E8-B733-ADC9C1AE427E}.Release|Any CPU.ActiveCfg = Release|Any CPU
		{CD87CA7C-32D4-44E8-B733-ADC9C1AE427E}.Release|Any CPU.Build.0 = Release|Any CPU
		{CD87CA7C-32D4-44E8-B733-ADC9C1AE427E}.Release|x64.ActiveCfg = Release|Any CPU
		{CD87CA7C-32D4-44E8-B733-ADC9C1AE427E}.Release|x64.Build.0 = Release|Any CPU
		{CD87CA7C-32D4-44E8-B733-ADC9C1AE427E}.Release|x86.ActiveCfg = Release|Any CPU
		{CD87CA7C-32D4-44E8-B733-ADC9C1AE427E}.Release|x86.Build.0 = Release|Any CPU
		{12705D00-4BE2-4D2F-996C-CAFB3D8263D4}.Debug|Any CPU.ActiveCfg = Debug|Any CPU
		{12705D00-4BE2-4D2F-996C-CAFB3D8263D4}.Debug|Any CPU.Build.0 = Debug|Any CPU
		{12705D00-4BE2-4D2F-996C-CAFB3D8263D4}.Debug|x64.ActiveCfg = Debug|Any CPU
		{12705D00-4BE2-4D2F-996C-CAFB3D8263D4}.Debug|x64.Build.0 = Debug|Any CPU
		{12705D00-4BE2-4D2F-996C-CAFB3D8263D4}.Debug|x86.ActiveCfg = Debug|Any CPU
		{12705D00-4BE2-4D2F-996C-CAFB3D8263D4}.Debug|x86.Build.0 = Debug|Any CPU
		{12705D00-4BE2-4D2F-996C-CAFB3D8263D4}.Release|Any CPU.ActiveCfg = Release|Any CPU
		{12705D00-4BE2-4D2F-996C-CAFB3D8263D4}.Release|Any CPU.Build.0 = Release|Any CPU
		{12705D00-4BE2-4D2F-996C-CAFB3D8263D4}.Release|x64.ActiveCfg = Release|Any CPU
		{12705D00-4BE2-4D2F-996C-CAFB3D8263D4}.Release|x64.Build.0 = Release|Any CPU
		{12705D00-4BE2-4D2F-996C-CAFB3D8263D4}.Release|x86.ActiveCfg = Release|Any CPU
		{12705D00-4BE2-4D2F-996C-CAFB3D8263D4}.Release|x86.Build.0 = Release|Any CPU
		{DB1BE786-39A7-48A4-89F9-1D59D1216547}.Debug|Any CPU.ActiveCfg = Debug|Any CPU
		{DB1BE786-39A7-48A4-89F9-1D59D1216547}.Debug|Any CPU.Build.0 = Debug|Any CPU
		{DB1BE786-39A7-48A4-89F9-1D59D1216547}.Debug|x64.ActiveCfg = Debug|Any CPU
		{DB1BE786-39A7-48A4-89F9-1D59D1216547}.Debug|x64.Build.0 = Debug|Any CPU
		{DB1BE786-39A7-48A4-89F9-1D59D1216547}.Debug|x86.ActiveCfg = Debug|Any CPU
		{DB1BE786-39A7-48A4-89F9-1D59D1216547}.Debug|x86.Build.0 = Debug|Any CPU
		{DB1BE786-39A7-48A4-89F9-1D59D1216547}.Release|Any CPU.ActiveCfg = Release|Any CPU
		{DB1BE786-39A7-48A4-89F9-1D59D1216547}.Release|Any CPU.Build.0 = Release|Any CPU
		{DB1BE786-39A7-48A4-89F9-1D59D1216547}.Release|x64.ActiveCfg = Release|Any CPU
		{DB1BE786-39A7-48A4-89F9-1D59D1216547}.Release|x64.Build.0 = Release|Any CPU
		{DB1BE786-39A7-48A4-89F9-1D59D1216547}.Release|x86.ActiveCfg = Release|Any CPU
		{DB1BE786-39A7-48A4-89F9-1D59D1216547}.Release|x86.Build.0 = Release|Any CPU
		{EB27326F-E401-424B-8D74-9C9980463D00}.Debug|Any CPU.ActiveCfg = Debug|Any CPU
		{EB27326F-E401-424B-8D74-9C9980463D00}.Debug|Any CPU.Build.0 = Debug|Any CPU
		{EB27326F-E401-424B-8D74-9C9980463D00}.Debug|x64.ActiveCfg = Debug|Any CPU
		{EB27326F-E401-424B-8D74-9C9980463D00}.Debug|x64.Build.0 = Debug|Any CPU
		{EB27326F-E401-424B-8D74-9C9980463D00}.Debug|x86.ActiveCfg = Debug|Any CPU
		{EB27326F-E401-424B-8D74-9C9980463D00}.Debug|x86.Build.0 = Debug|Any CPU
		{EB27326F-E401-424B-8D74-9C9980463D00}.Release|Any CPU.ActiveCfg = Release|Any CPU
		{EB27326F-E401-424B-8D74-9C9980463D00}.Release|Any CPU.Build.0 = Release|Any CPU
		{EB27326F-E401-424B-8D74-9C9980463D00}.Release|x64.ActiveCfg = Release|Any CPU
		{EB27326F-E401-424B-8D74-9C9980463D00}.Release|x64.Build.0 = Release|Any CPU
		{EB27326F-E401-424B-8D74-9C9980463D00}.Release|x86.ActiveCfg = Release|Any CPU
		{EB27326F-E401-424B-8D74-9C9980463D00}.Release|x86.Build.0 = Release|Any CPU
		{3CAE1043-CCB2-47BD-B6D6-ADC279C6CE6D}.Debug|Any CPU.ActiveCfg = Debug|Any CPU
		{3CAE1043-CCB2-47BD-B6D6-ADC279C6CE6D}.Debug|Any CPU.Build.0 = Debug|Any CPU
		{3CAE1043-CCB2-47BD-B6D6-ADC279C6CE6D}.Debug|x64.ActiveCfg = Debug|Any CPU
		{3CAE1043-CCB2-47BD-B6D6-ADC279C6CE6D}.Debug|x64.Build.0 = Debug|Any CPU
		{3CAE1043-CCB2-47BD-B6D6-ADC279C6CE6D}.Debug|x86.ActiveCfg = Debug|Any CPU
		{3CAE1043-CCB2-47BD-B6D6-ADC279C6CE6D}.Debug|x86.Build.0 = Debug|Any CPU
		{3CAE1043-CCB2-47BD-B6D6-ADC279C6CE6D}.Release|Any CPU.ActiveCfg = Release|Any CPU
		{3CAE1043-CCB2-47BD-B6D6-ADC279C6CE6D}.Release|Any CPU.Build.0 = Release|Any CPU
		{3CAE1043-CCB2-47BD-B6D6-ADC279C6CE6D}.Release|x64.ActiveCfg = Release|Any CPU
		{3CAE1043-CCB2-47BD-B6D6-ADC279C6CE6D}.Release|x64.Build.0 = Release|Any CPU
		{3CAE1043-CCB2-47BD-B6D6-ADC279C6CE6D}.Release|x86.ActiveCfg = Release|Any CPU
		{3CAE1043-CCB2-47BD-B6D6-ADC279C6CE6D}.Release|x86.Build.0 = Release|Any CPU
		{DDD2129E-B109-4575-9B66-6FD1CE982AA6}.Debug|Any CPU.ActiveCfg = Debug|Any CPU
		{DDD2129E-B109-4575-9B66-6FD1CE982AA6}.Debug|Any CPU.Build.0 = Debug|Any CPU
		{DDD2129E-B109-4575-9B66-6FD1CE982AA6}.Debug|x64.ActiveCfg = Debug|Any CPU
		{DDD2129E-B109-4575-9B66-6FD1CE982AA6}.Debug|x64.Build.0 = Debug|Any CPU
		{DDD2129E-B109-4575-9B66-6FD1CE982AA6}.Debug|x86.ActiveCfg = Debug|Any CPU
		{DDD2129E-B109-4575-9B66-6FD1CE982AA6}.Debug|x86.Build.0 = Debug|Any CPU
		{DDD2129E-B109-4575-9B66-6FD1CE982AA6}.Release|Any CPU.ActiveCfg = Release|Any CPU
		{DDD2129E-B109-4575-9B66-6FD1CE982AA6}.Release|Any CPU.Build.0 = Release|Any CPU
		{DDD2129E-B109-4575-9B66-6FD1CE982AA6}.Release|x64.ActiveCfg = Release|Any CPU
		{DDD2129E-B109-4575-9B66-6FD1CE982AA6}.Release|x64.Build.0 = Release|Any CPU
		{DDD2129E-B109-4575-9B66-6FD1CE982AA6}.Release|x86.ActiveCfg = Release|Any CPU
		{DDD2129E-B109-4575-9B66-6FD1CE982AA6}.Release|x86.Build.0 = Release|Any CPU
		{DE271DC2-F0C4-46A6-8BAE-432F9EFCCC62}.Debug|Any CPU.ActiveCfg = Debug|Any CPU
		{DE271DC2-F0C4-46A6-8BAE-432F9EFCCC62}.Debug|Any CPU.Build.0 = Debug|Any CPU
		{DE271DC2-F0C4-46A6-8BAE-432F9EFCCC62}.Debug|x64.ActiveCfg = Debug|Any CPU
		{DE271DC2-F0C4-46A6-8BAE-432F9EFCCC62}.Debug|x64.Build.0 = Debug|Any CPU
		{DE271DC2-F0C4-46A6-8BAE-432F9EFCCC62}.Debug|x86.ActiveCfg = Debug|Any CPU
		{DE271DC2-F0C4-46A6-8BAE-432F9EFCCC62}.Debug|x86.Build.0 = Debug|Any CPU
		{DE271DC2-F0C4-46A6-8BAE-432F9EFCCC62}.Release|Any CPU.ActiveCfg = Release|Any CPU
		{DE271DC2-F0C4-46A6-8BAE-432F9EFCCC62}.Release|Any CPU.Build.0 = Release|Any CPU
		{DE271DC2-F0C4-46A6-8BAE-432F9EFCCC62}.Release|x64.ActiveCfg = Release|Any CPU
		{DE271DC2-F0C4-46A6-8BAE-432F9EFCCC62}.Release|x64.Build.0 = Release|Any CPU
		{DE271DC2-F0C4-46A6-8BAE-432F9EFCCC62}.Release|x86.ActiveCfg = Release|Any CPU
		{DE271DC2-F0C4-46A6-8BAE-432F9EFCCC62}.Release|x86.Build.0 = Release|Any CPU
		{91FBA55F-A6D0-4205-B50E-6C97C4E9E9F6}.Debug|Any CPU.ActiveCfg = Debug|Any CPU
		{91FBA55F-A6D0-4205-B50E-6C97C4E9E9F6}.Debug|Any CPU.Build.0 = Debug|Any CPU
		{91FBA55F-A6D0-4205-B50E-6C97C4E9E9F6}.Debug|x64.ActiveCfg = Debug|Any CPU
		{91FBA55F-A6D0-4205-B50E-6C97C4E9E9F6}.Debug|x64.Build.0 = Debug|Any CPU
		{91FBA55F-A6D0-4205-B50E-6C97C4E9E9F6}.Debug|x86.ActiveCfg = Debug|Any CPU
		{91FBA55F-A6D0-4205-B50E-6C97C4E9E9F6}.Debug|x86.Build.0 = Debug|Any CPU
		{91FBA55F-A6D0-4205-B50E-6C97C4E9E9F6}.Release|Any CPU.ActiveCfg = Release|Any CPU
		{91FBA55F-A6D0-4205-B50E-6C97C4E9E9F6}.Release|Any CPU.Build.0 = Release|Any CPU
		{91FBA55F-A6D0-4205-B50E-6C97C4E9E9F6}.Release|x64.ActiveCfg = Release|Any CPU
		{91FBA55F-A6D0-4205-B50E-6C97C4E9E9F6}.Release|x64.Build.0 = Release|Any CPU
		{91FBA55F-A6D0-4205-B50E-6C97C4E9E9F6}.Release|x86.ActiveCfg = Release|Any CPU
		{91FBA55F-A6D0-4205-B50E-6C97C4E9E9F6}.Release|x86.Build.0 = Release|Any CPU
		{3D8B99A2-6F22-4359-B241-45E20C0CD11A}.Debug|Any CPU.ActiveCfg = Debug|Any CPU
		{3D8B99A2-6F22-4359-B241-45E20C0CD11A}.Debug|Any CPU.Build.0 = Debug|Any CPU
		{3D8B99A2-6F22-4359-B241-45E20C0CD11A}.Debug|x64.ActiveCfg = Debug|Any CPU
		{3D8B99A2-6F22-4359-B241-45E20C0CD11A}.Debug|x64.Build.0 = Debug|Any CPU
		{3D8B99A2-6F22-4359-B241-45E20C0CD11A}.Debug|x86.ActiveCfg = Debug|Any CPU
		{3D8B99A2-6F22-4359-B241-45E20C0CD11A}.Debug|x86.Build.0 = Debug|Any CPU
		{3D8B99A2-6F22-4359-B241-45E20C0CD11A}.Release|Any CPU.ActiveCfg = Release|Any CPU
		{3D8B99A2-6F22-4359-B241-45E20C0CD11A}.Release|Any CPU.Build.0 = Release|Any CPU
		{3D8B99A2-6F22-4359-B241-45E20C0CD11A}.Release|x64.ActiveCfg = Release|Any CPU
		{3D8B99A2-6F22-4359-B241-45E20C0CD11A}.Release|x64.Build.0 = Release|Any CPU
		{3D8B99A2-6F22-4359-B241-45E20C0CD11A}.Release|x86.ActiveCfg = Release|Any CPU
		{3D8B99A2-6F22-4359-B241-45E20C0CD11A}.Release|x86.Build.0 = Release|Any CPU
		{0B6081EF-2D7D-41B9-A0E8-6855E0E88985}.Debug|Any CPU.ActiveCfg = Debug|Any CPU
		{0B6081EF-2D7D-41B9-A0E8-6855E0E88985}.Debug|Any CPU.Build.0 = Debug|Any CPU
		{0B6081EF-2D7D-41B9-A0E8-6855E0E88985}.Debug|x64.ActiveCfg = Debug|Any CPU
		{0B6081EF-2D7D-41B9-A0E8-6855E0E88985}.Debug|x64.Build.0 = Debug|Any CPU
		{0B6081EF-2D7D-41B9-A0E8-6855E0E88985}.Debug|x86.ActiveCfg = Debug|Any CPU
		{0B6081EF-2D7D-41B9-A0E8-6855E0E88985}.Debug|x86.Build.0 = Debug|Any CPU
		{0B6081EF-2D7D-41B9-A0E8-6855E0E88985}.Release|Any CPU.ActiveCfg = Release|Any CPU
		{0B6081EF-2D7D-41B9-A0E8-6855E0E88985}.Release|Any CPU.Build.0 = Release|Any CPU
		{0B6081EF-2D7D-41B9-A0E8-6855E0E88985}.Release|x64.ActiveCfg = Release|Any CPU
		{0B6081EF-2D7D-41B9-A0E8-6855E0E88985}.Release|x64.Build.0 = Release|Any CPU
		{0B6081EF-2D7D-41B9-A0E8-6855E0E88985}.Release|x86.ActiveCfg = Release|Any CPU
		{0B6081EF-2D7D-41B9-A0E8-6855E0E88985}.Release|x86.Build.0 = Release|Any CPU
		{1DB8484F-8B6F-4657-A560-AE2412D78416}.Debug|Any CPU.ActiveCfg = Debug|Any CPU
		{1DB8484F-8B6F-4657-A560-AE2412D78416}.Debug|Any CPU.Build.0 = Debug|Any CPU
		{1DB8484F-8B6F-4657-A560-AE2412D78416}.Debug|x64.ActiveCfg = Debug|Any CPU
		{1DB8484F-8B6F-4657-A560-AE2412D78416}.Debug|x64.Build.0 = Debug|Any CPU
		{1DB8484F-8B6F-4657-A560-AE2412D78416}.Debug|x86.ActiveCfg = Debug|Any CPU
		{1DB8484F-8B6F-4657-A560-AE2412D78416}.Debug|x86.Build.0 = Debug|Any CPU
		{1DB8484F-8B6F-4657-A560-AE2412D78416}.Release|Any CPU.ActiveCfg = Release|Any CPU
		{1DB8484F-8B6F-4657-A560-AE2412D78416}.Release|Any CPU.Build.0 = Release|Any CPU
		{1DB8484F-8B6F-4657-A560-AE2412D78416}.Release|x64.ActiveCfg = Release|Any CPU
		{1DB8484F-8B6F-4657-A560-AE2412D78416}.Release|x64.Build.0 = Release|Any CPU
		{1DB8484F-8B6F-4657-A560-AE2412D78416}.Release|x86.ActiveCfg = Release|Any CPU
		{1DB8484F-8B6F-4657-A560-AE2412D78416}.Release|x86.Build.0 = Release|Any CPU
		{ED5423A8-A2EA-44A2-A606-24A38D64F8C4}.Debug|Any CPU.ActiveCfg = Debug|Any CPU
		{ED5423A8-A2EA-44A2-A606-24A38D64F8C4}.Debug|Any CPU.Build.0 = Debug|Any CPU
		{ED5423A8-A2EA-44A2-A606-24A38D64F8C4}.Debug|x64.ActiveCfg = Debug|Any CPU
		{ED5423A8-A2EA-44A2-A606-24A38D64F8C4}.Debug|x64.Build.0 = Debug|Any CPU
		{ED5423A8-A2EA-44A2-A606-24A38D64F8C4}.Debug|x86.ActiveCfg = Debug|Any CPU
		{ED5423A8-A2EA-44A2-A606-24A38D64F8C4}.Debug|x86.Build.0 = Debug|Any CPU
		{ED5423A8-A2EA-44A2-A606-24A38D64F8C4}.Release|Any CPU.ActiveCfg = Release|Any CPU
		{ED5423A8-A2EA-44A2-A606-24A38D64F8C4}.Release|Any CPU.Build.0 = Release|Any CPU
		{ED5423A8-A2EA-44A2-A606-24A38D64F8C4}.Release|x64.ActiveCfg = Release|Any CPU
		{ED5423A8-A2EA-44A2-A606-24A38D64F8C4}.Release|x64.Build.0 = Release|Any CPU
		{ED5423A8-A2EA-44A2-A606-24A38D64F8C4}.Release|x86.ActiveCfg = Release|Any CPU
		{ED5423A8-A2EA-44A2-A606-24A38D64F8C4}.Release|x86.Build.0 = Release|Any CPU
		{587B1838-FA02-4EBA-8CBF-B2C0F7BB6909}.Debug|Any CPU.ActiveCfg = Debug|Any CPU
		{587B1838-FA02-4EBA-8CBF-B2C0F7BB6909}.Debug|Any CPU.Build.0 = Debug|Any CPU
		{587B1838-FA02-4EBA-8CBF-B2C0F7BB6909}.Debug|x64.ActiveCfg = Debug|Any CPU
		{587B1838-FA02-4EBA-8CBF-B2C0F7BB6909}.Debug|x64.Build.0 = Debug|Any CPU
		{587B1838-FA02-4EBA-8CBF-B2C0F7BB6909}.Debug|x86.ActiveCfg = Debug|Any CPU
		{587B1838-FA02-4EBA-8CBF-B2C0F7BB6909}.Debug|x86.Build.0 = Debug|Any CPU
		{587B1838-FA02-4EBA-8CBF-B2C0F7BB6909}.Release|Any CPU.ActiveCfg = Release|Any CPU
		{587B1838-FA02-4EBA-8CBF-B2C0F7BB6909}.Release|Any CPU.Build.0 = Release|Any CPU
		{587B1838-FA02-4EBA-8CBF-B2C0F7BB6909}.Release|x64.ActiveCfg = Release|Any CPU
		{587B1838-FA02-4EBA-8CBF-B2C0F7BB6909}.Release|x64.Build.0 = Release|Any CPU
		{587B1838-FA02-4EBA-8CBF-B2C0F7BB6909}.Release|x86.ActiveCfg = Release|Any CPU
		{587B1838-FA02-4EBA-8CBF-B2C0F7BB6909}.Release|x86.Build.0 = Release|Any CPU
		{62331030-C969-4FEF-8684-204ADBD08F50}.Debug|Any CPU.ActiveCfg = Debug|Any CPU
		{62331030-C969-4FEF-8684-204ADBD08F50}.Debug|Any CPU.Build.0 = Debug|Any CPU
		{62331030-C969-4FEF-8684-204ADBD08F50}.Debug|x64.ActiveCfg = Debug|Any CPU
		{62331030-C969-4FEF-8684-204ADBD08F50}.Debug|x64.Build.0 = Debug|Any CPU
		{62331030-C969-4FEF-8684-204ADBD08F50}.Debug|x86.ActiveCfg = Debug|Any CPU
		{62331030-C969-4FEF-8684-204ADBD08F50}.Debug|x86.Build.0 = Debug|Any CPU
		{62331030-C969-4FEF-8684-204ADBD08F50}.Release|Any CPU.ActiveCfg = Release|Any CPU
		{62331030-C969-4FEF-8684-204ADBD08F50}.Release|Any CPU.Build.0 = Release|Any CPU
		{62331030-C969-4FEF-8684-204ADBD08F50}.Release|x64.ActiveCfg = Release|Any CPU
		{62331030-C969-4FEF-8684-204ADBD08F50}.Release|x64.Build.0 = Release|Any CPU
		{62331030-C969-4FEF-8684-204ADBD08F50}.Release|x86.ActiveCfg = Release|Any CPU
		{62331030-C969-4FEF-8684-204ADBD08F50}.Release|x86.Build.0 = Release|Any CPU
		{4AA474E9-B9C4-4F3A-8C24-451568938734}.Debug|Any CPU.ActiveCfg = Debug|Any CPU
		{4AA474E9-B9C4-4F3A-8C24-451568938734}.Debug|Any CPU.Build.0 = Debug|Any CPU
		{4AA474E9-B9C4-4F3A-8C24-451568938734}.Debug|x64.ActiveCfg = Debug|Any CPU
		{4AA474E9-B9C4-4F3A-8C24-451568938734}.Debug|x64.Build.0 = Debug|Any CPU
		{4AA474E9-B9C4-4F3A-8C24-451568938734}.Debug|x86.ActiveCfg = Debug|Any CPU
		{4AA474E9-B9C4-4F3A-8C24-451568938734}.Debug|x86.Build.0 = Debug|Any CPU
		{4AA474E9-B9C4-4F3A-8C24-451568938734}.Release|Any CPU.ActiveCfg = Release|Any CPU
		{4AA474E9-B9C4-4F3A-8C24-451568938734}.Release|Any CPU.Build.0 = Release|Any CPU
		{4AA474E9-B9C4-4F3A-8C24-451568938734}.Release|x64.ActiveCfg = Release|Any CPU
		{4AA474E9-B9C4-4F3A-8C24-451568938734}.Release|x64.Build.0 = Release|Any CPU
		{4AA474E9-B9C4-4F3A-8C24-451568938734}.Release|x86.ActiveCfg = Release|Any CPU
		{4AA474E9-B9C4-4F3A-8C24-451568938734}.Release|x86.Build.0 = Release|Any CPU
		{D9D2DA35-D02C-4E5D-BD84-E78566BFAAED}.Debug|Any CPU.ActiveCfg = Debug|Any CPU
		{D9D2DA35-D02C-4E5D-BD84-E78566BFAAED}.Debug|Any CPU.Build.0 = Debug|Any CPU
		{D9D2DA35-D02C-4E5D-BD84-E78566BFAAED}.Debug|x64.ActiveCfg = Debug|Any CPU
		{D9D2DA35-D02C-4E5D-BD84-E78566BFAAED}.Debug|x64.Build.0 = Debug|Any CPU
		{D9D2DA35-D02C-4E5D-BD84-E78566BFAAED}.Debug|x86.ActiveCfg = Debug|Any CPU
		{D9D2DA35-D02C-4E5D-BD84-E78566BFAAED}.Debug|x86.Build.0 = Debug|Any CPU
		{D9D2DA35-D02C-4E5D-BD84-E78566BFAAED}.Release|Any CPU.ActiveCfg = Release|Any CPU
		{D9D2DA35-D02C-4E5D-BD84-E78566BFAAED}.Release|Any CPU.Build.0 = Release|Any CPU
		{D9D2DA35-D02C-4E5D-BD84-E78566BFAAED}.Release|x64.ActiveCfg = Release|Any CPU
		{D9D2DA35-D02C-4E5D-BD84-E78566BFAAED}.Release|x64.Build.0 = Release|Any CPU
		{D9D2DA35-D02C-4E5D-BD84-E78566BFAAED}.Release|x86.ActiveCfg = Release|Any CPU
		{D9D2DA35-D02C-4E5D-BD84-E78566BFAAED}.Release|x86.Build.0 = Release|Any CPU
		{7F3DEE21-DCED-4594-9337-95150E451D02}.Debug|Any CPU.ActiveCfg = Debug|Any CPU
		{7F3DEE21-DCED-4594-9337-95150E451D02}.Debug|Any CPU.Build.0 = Debug|Any CPU
		{7F3DEE21-DCED-4594-9337-95150E451D02}.Debug|x64.ActiveCfg = Debug|Any CPU
		{7F3DEE21-DCED-4594-9337-95150E451D02}.Debug|x64.Build.0 = Debug|Any CPU
		{7F3DEE21-DCED-4594-9337-95150E451D02}.Debug|x86.ActiveCfg = Debug|Any CPU
		{7F3DEE21-DCED-4594-9337-95150E451D02}.Debug|x86.Build.0 = Debug|Any CPU
		{7F3DEE21-DCED-4594-9337-95150E451D02}.Release|Any CPU.ActiveCfg = Release|Any CPU
		{7F3DEE21-DCED-4594-9337-95150E451D02}.Release|Any CPU.Build.0 = Release|Any CPU
		{7F3DEE21-DCED-4594-9337-95150E451D02}.Release|x64.ActiveCfg = Release|Any CPU
		{7F3DEE21-DCED-4594-9337-95150E451D02}.Release|x64.Build.0 = Release|Any CPU
		{7F3DEE21-DCED-4594-9337-95150E451D02}.Release|x86.ActiveCfg = Release|Any CPU
		{7F3DEE21-DCED-4594-9337-95150E451D02}.Release|x86.Build.0 = Release|Any CPU
		{79581118-442F-4A81-A023-BF2B42A24496}.Debug|Any CPU.ActiveCfg = Debug|Any CPU
		{79581118-442F-4A81-A023-BF2B42A24496}.Debug|Any CPU.Build.0 = Debug|Any CPU
		{79581118-442F-4A81-A023-BF2B42A24496}.Debug|x64.ActiveCfg = Debug|Any CPU
		{79581118-442F-4A81-A023-BF2B42A24496}.Debug|x64.Build.0 = Debug|Any CPU
		{79581118-442F-4A81-A023-BF2B42A24496}.Debug|x86.ActiveCfg = Debug|Any CPU
		{79581118-442F-4A81-A023-BF2B42A24496}.Debug|x86.Build.0 = Debug|Any CPU
		{79581118-442F-4A81-A023-BF2B42A24496}.Release|Any CPU.ActiveCfg = Release|Any CPU
		{79581118-442F-4A81-A023-BF2B42A24496}.Release|Any CPU.Build.0 = Release|Any CPU
		{79581118-442F-4A81-A023-BF2B42A24496}.Release|x64.ActiveCfg = Release|Any CPU
		{79581118-442F-4A81-A023-BF2B42A24496}.Release|x64.Build.0 = Release|Any CPU
		{79581118-442F-4A81-A023-BF2B42A24496}.Release|x86.ActiveCfg = Release|Any CPU
		{79581118-442F-4A81-A023-BF2B42A24496}.Release|x86.Build.0 = Release|Any CPU
		{B66306BD-4CB8-4E27-940C-103630F50765}.Debug|Any CPU.ActiveCfg = Debug|Any CPU
		{B66306BD-4CB8-4E27-940C-103630F50765}.Debug|Any CPU.Build.0 = Debug|Any CPU
		{B66306BD-4CB8-4E27-940C-103630F50765}.Debug|x64.ActiveCfg = Debug|Any CPU
		{B66306BD-4CB8-4E27-940C-103630F50765}.Debug|x64.Build.0 = Debug|Any CPU
		{B66306BD-4CB8-4E27-940C-103630F50765}.Debug|x86.ActiveCfg = Debug|Any CPU
		{B66306BD-4CB8-4E27-940C-103630F50765}.Debug|x86.Build.0 = Debug|Any CPU
		{B66306BD-4CB8-4E27-940C-103630F50765}.Release|Any CPU.ActiveCfg = Release|Any CPU
		{B66306BD-4CB8-4E27-940C-103630F50765}.Release|Any CPU.Build.0 = Release|Any CPU
		{B66306BD-4CB8-4E27-940C-103630F50765}.Release|x64.ActiveCfg = Release|Any CPU
		{B66306BD-4CB8-4E27-940C-103630F50765}.Release|x64.Build.0 = Release|Any CPU
		{B66306BD-4CB8-4E27-940C-103630F50765}.Release|x86.ActiveCfg = Release|Any CPU
		{B66306BD-4CB8-4E27-940C-103630F50765}.Release|x86.Build.0 = Release|Any CPU
		{863FC7BD-A379-4F43-B6C2-E63DD6C2FA97}.Debug|Any CPU.ActiveCfg = Debug|Any CPU
		{863FC7BD-A379-4F43-B6C2-E63DD6C2FA97}.Debug|Any CPU.Build.0 = Debug|Any CPU
		{863FC7BD-A379-4F43-B6C2-E63DD6C2FA97}.Debug|x64.ActiveCfg = Debug|Any CPU
		{863FC7BD-A379-4F43-B6C2-E63DD6C2FA97}.Debug|x64.Build.0 = Debug|Any CPU
		{863FC7BD-A379-4F43-B6C2-E63DD6C2FA97}.Debug|x86.ActiveCfg = Debug|Any CPU
		{863FC7BD-A379-4F43-B6C2-E63DD6C2FA97}.Debug|x86.Build.0 = Debug|Any CPU
		{863FC7BD-A379-4F43-B6C2-E63DD6C2FA97}.Release|Any CPU.ActiveCfg = Release|Any CPU
		{863FC7BD-A379-4F43-B6C2-E63DD6C2FA97}.Release|Any CPU.Build.0 = Release|Any CPU
		{863FC7BD-A379-4F43-B6C2-E63DD6C2FA97}.Release|x64.ActiveCfg = Release|Any CPU
		{863FC7BD-A379-4F43-B6C2-E63DD6C2FA97}.Release|x64.Build.0 = Release|Any CPU
		{863FC7BD-A379-4F43-B6C2-E63DD6C2FA97}.Release|x86.ActiveCfg = Release|Any CPU
		{863FC7BD-A379-4F43-B6C2-E63DD6C2FA97}.Release|x86.Build.0 = Release|Any CPU
		{4469CA12-ABBF-4AC3-A5B5-2531A39B75E1}.Debug|Any CPU.ActiveCfg = Debug|Any CPU
		{4469CA12-ABBF-4AC3-A5B5-2531A39B75E1}.Debug|Any CPU.Build.0 = Debug|Any CPU
		{4469CA12-ABBF-4AC3-A5B5-2531A39B75E1}.Debug|x64.ActiveCfg = Debug|Any CPU
		{4469CA12-ABBF-4AC3-A5B5-2531A39B75E1}.Debug|x64.Build.0 = Debug|Any CPU
		{4469CA12-ABBF-4AC3-A5B5-2531A39B75E1}.Debug|x86.ActiveCfg = Debug|Any CPU
		{4469CA12-ABBF-4AC3-A5B5-2531A39B75E1}.Debug|x86.Build.0 = Debug|Any CPU
		{4469CA12-ABBF-4AC3-A5B5-2531A39B75E1}.Release|Any CPU.ActiveCfg = Release|Any CPU
		{4469CA12-ABBF-4AC3-A5B5-2531A39B75E1}.Release|Any CPU.Build.0 = Release|Any CPU
		{4469CA12-ABBF-4AC3-A5B5-2531A39B75E1}.Release|x64.ActiveCfg = Release|Any CPU
		{4469CA12-ABBF-4AC3-A5B5-2531A39B75E1}.Release|x64.Build.0 = Release|Any CPU
		{4469CA12-ABBF-4AC3-A5B5-2531A39B75E1}.Release|x86.ActiveCfg = Release|Any CPU
		{4469CA12-ABBF-4AC3-A5B5-2531A39B75E1}.Release|x86.Build.0 = Release|Any CPU
		{038210B4-4539-48FD-BA69-266FEFA89400}.Debug|Any CPU.ActiveCfg = Debug|Any CPU
		{038210B4-4539-48FD-BA69-266FEFA89400}.Debug|Any CPU.Build.0 = Debug|Any CPU
		{038210B4-4539-48FD-BA69-266FEFA89400}.Debug|x64.ActiveCfg = Debug|Any CPU
		{038210B4-4539-48FD-BA69-266FEFA89400}.Debug|x64.Build.0 = Debug|Any CPU
		{038210B4-4539-48FD-BA69-266FEFA89400}.Debug|x86.ActiveCfg = Debug|Any CPU
		{038210B4-4539-48FD-BA69-266FEFA89400}.Debug|x86.Build.0 = Debug|Any CPU
		{038210B4-4539-48FD-BA69-266FEFA89400}.Release|Any CPU.ActiveCfg = Release|Any CPU
		{038210B4-4539-48FD-BA69-266FEFA89400}.Release|Any CPU.Build.0 = Release|Any CPU
		{038210B4-4539-48FD-BA69-266FEFA89400}.Release|x64.ActiveCfg = Release|Any CPU
		{038210B4-4539-48FD-BA69-266FEFA89400}.Release|x64.Build.0 = Release|Any CPU
		{038210B4-4539-48FD-BA69-266FEFA89400}.Release|x86.ActiveCfg = Release|Any CPU
		{038210B4-4539-48FD-BA69-266FEFA89400}.Release|x86.Build.0 = Release|Any CPU
		{25355CB9-9A8A-4B2D-9FB7-F4F0BB990402}.Debug|Any CPU.ActiveCfg = Debug|Any CPU
		{25355CB9-9A8A-4B2D-9FB7-F4F0BB990402}.Debug|Any CPU.Build.0 = Debug|Any CPU
		{25355CB9-9A8A-4B2D-9FB7-F4F0BB990402}.Debug|x64.ActiveCfg = Debug|Any CPU
		{25355CB9-9A8A-4B2D-9FB7-F4F0BB990402}.Debug|x64.Build.0 = Debug|Any CPU
		{25355CB9-9A8A-4B2D-9FB7-F4F0BB990402}.Debug|x86.ActiveCfg = Debug|Any CPU
		{25355CB9-9A8A-4B2D-9FB7-F4F0BB990402}.Debug|x86.Build.0 = Debug|Any CPU
		{25355CB9-9A8A-4B2D-9FB7-F4F0BB990402}.Release|Any CPU.ActiveCfg = Release|Any CPU
		{25355CB9-9A8A-4B2D-9FB7-F4F0BB990402}.Release|Any CPU.Build.0 = Release|Any CPU
		{25355CB9-9A8A-4B2D-9FB7-F4F0BB990402}.Release|x64.ActiveCfg = Release|Any CPU
		{25355CB9-9A8A-4B2D-9FB7-F4F0BB990402}.Release|x64.Build.0 = Release|Any CPU
		{25355CB9-9A8A-4B2D-9FB7-F4F0BB990402}.Release|x86.ActiveCfg = Release|Any CPU
		{25355CB9-9A8A-4B2D-9FB7-F4F0BB990402}.Release|x86.Build.0 = Release|Any CPU
		{FCE1D869-51D6-4D35-9FB6-CEC763FF05DC}.Debug|Any CPU.ActiveCfg = Debug|Any CPU
		{FCE1D869-51D6-4D35-9FB6-CEC763FF05DC}.Debug|Any CPU.Build.0 = Debug|Any CPU
		{FCE1D869-51D6-4D35-9FB6-CEC763FF05DC}.Debug|x64.ActiveCfg = Debug|Any CPU
		{FCE1D869-51D6-4D35-9FB6-CEC763FF05DC}.Debug|x64.Build.0 = Debug|Any CPU
		{FCE1D869-51D6-4D35-9FB6-CEC763FF05DC}.Debug|x86.ActiveCfg = Debug|Any CPU
		{FCE1D869-51D6-4D35-9FB6-CEC763FF05DC}.Debug|x86.Build.0 = Debug|Any CPU
		{FCE1D869-51D6-4D35-9FB6-CEC763FF05DC}.Release|Any CPU.ActiveCfg = Release|Any CPU
		{FCE1D869-51D6-4D35-9FB6-CEC763FF05DC}.Release|Any CPU.Build.0 = Release|Any CPU
		{FCE1D869-51D6-4D35-9FB6-CEC763FF05DC}.Release|x64.ActiveCfg = Release|Any CPU
		{FCE1D869-51D6-4D35-9FB6-CEC763FF05DC}.Release|x64.Build.0 = Release|Any CPU
		{FCE1D869-51D6-4D35-9FB6-CEC763FF05DC}.Release|x86.ActiveCfg = Release|Any CPU
		{FCE1D869-51D6-4D35-9FB6-CEC763FF05DC}.Release|x86.Build.0 = Release|Any CPU
		{86F980CA-4460-4086-BCEB-8264D516FAD4}.Debug|Any CPU.ActiveCfg = Debug|Any CPU
		{86F980CA-4460-4086-BCEB-8264D516FAD4}.Debug|Any CPU.Build.0 = Debug|Any CPU
		{86F980CA-4460-4086-BCEB-8264D516FAD4}.Debug|x64.ActiveCfg = Debug|Any CPU
		{86F980CA-4460-4086-BCEB-8264D516FAD4}.Debug|x64.Build.0 = Debug|Any CPU
		{86F980CA-4460-4086-BCEB-8264D516FAD4}.Debug|x86.ActiveCfg = Debug|Any CPU
		{86F980CA-4460-4086-BCEB-8264D516FAD4}.Debug|x86.Build.0 = Debug|Any CPU
		{86F980CA-4460-4086-BCEB-8264D516FAD4}.Release|Any CPU.ActiveCfg = Release|Any CPU
		{86F980CA-4460-4086-BCEB-8264D516FAD4}.Release|Any CPU.Build.0 = Release|Any CPU
		{86F980CA-4460-4086-BCEB-8264D516FAD4}.Release|x64.ActiveCfg = Release|Any CPU
		{86F980CA-4460-4086-BCEB-8264D516FAD4}.Release|x64.Build.0 = Release|Any CPU
		{86F980CA-4460-4086-BCEB-8264D516FAD4}.Release|x86.ActiveCfg = Release|Any CPU
		{86F980CA-4460-4086-BCEB-8264D516FAD4}.Release|x86.Build.0 = Release|Any CPU
		{9669D7BD-A9AC-4D13-B7CD-E004CBE81252}.Debug|Any CPU.ActiveCfg = Debug|Any CPU
		{9669D7BD-A9AC-4D13-B7CD-E004CBE81252}.Debug|Any CPU.Build.0 = Debug|Any CPU
		{9669D7BD-A9AC-4D13-B7CD-E004CBE81252}.Debug|x64.ActiveCfg = Debug|Any CPU
		{9669D7BD-A9AC-4D13-B7CD-E004CBE81252}.Debug|x64.Build.0 = Debug|Any CPU
		{9669D7BD-A9AC-4D13-B7CD-E004CBE81252}.Debug|x86.ActiveCfg = Debug|Any CPU
		{9669D7BD-A9AC-4D13-B7CD-E004CBE81252}.Debug|x86.Build.0 = Debug|Any CPU
		{9669D7BD-A9AC-4D13-B7CD-E004CBE81252}.Release|Any CPU.ActiveCfg = Release|Any CPU
		{9669D7BD-A9AC-4D13-B7CD-E004CBE81252}.Release|Any CPU.Build.0 = Release|Any CPU
		{9669D7BD-A9AC-4D13-B7CD-E004CBE81252}.Release|x64.ActiveCfg = Release|Any CPU
		{9669D7BD-A9AC-4D13-B7CD-E004CBE81252}.Release|x64.Build.0 = Release|Any CPU
		{9669D7BD-A9AC-4D13-B7CD-E004CBE81252}.Release|x86.ActiveCfg = Release|Any CPU
		{9669D7BD-A9AC-4D13-B7CD-E004CBE81252}.Release|x86.Build.0 = Release|Any CPU
		{BD26ADA4-F492-4CC8-A311-E8FE0CAD62F1}.Debug|Any CPU.ActiveCfg = Debug|Any CPU
		{BD26ADA4-F492-4CC8-A311-E8FE0CAD62F1}.Debug|Any CPU.Build.0 = Debug|Any CPU
		{BD26ADA4-F492-4CC8-A311-E8FE0CAD62F1}.Debug|x64.ActiveCfg = Debug|Any CPU
		{BD26ADA4-F492-4CC8-A311-E8FE0CAD62F1}.Debug|x64.Build.0 = Debug|Any CPU
		{BD26ADA4-F492-4CC8-A311-E8FE0CAD62F1}.Debug|x86.ActiveCfg = Debug|Any CPU
		{BD26ADA4-F492-4CC8-A311-E8FE0CAD62F1}.Debug|x86.Build.0 = Debug|Any CPU
		{BD26ADA4-F492-4CC8-A311-E8FE0CAD62F1}.Release|Any CPU.ActiveCfg = Release|Any CPU
		{BD26ADA4-F492-4CC8-A311-E8FE0CAD62F1}.Release|Any CPU.Build.0 = Release|Any CPU
		{BD26ADA4-F492-4CC8-A311-E8FE0CAD62F1}.Release|x64.ActiveCfg = Release|Any CPU
		{BD26ADA4-F492-4CC8-A311-E8FE0CAD62F1}.Release|x64.Build.0 = Release|Any CPU
		{BD26ADA4-F492-4CC8-A311-E8FE0CAD62F1}.Release|x86.ActiveCfg = Release|Any CPU
		{BD26ADA4-F492-4CC8-A311-E8FE0CAD62F1}.Release|x86.Build.0 = Release|Any CPU
	EndGlobalSection
	GlobalSection(SolutionProperties) = preSolution
		HideSolutionNode = FALSE
	EndGlobalSection
	GlobalSection(NestedProjects) = preSolution
		{CCA47F79-323A-43C4-ABC6-DC1FC8410B63} = {827E0CD3-B72D-47B6-A68D-7590B98EB39B}
		{6AC228F5-E27A-456C-95A8-D6E4236547A0} = {0AB3BF05-4346-4AA6-1389-037BE0695223}
		{92C0E737-90DF-46D1-9174-476F5931BDD3} = {827E0CD3-B72D-47B6-A68D-7590B98EB39B}
		{6FFD6D38-C97C-4495-9B92-E99BF8388F0F} = {0AB3BF05-4346-4AA6-1389-037BE0695223}
		{E7D34E55-DEEA-40AE-8348-90C5161F0B17} = {827E0CD3-B72D-47B6-A68D-7590B98EB39B}
		{B2C8653A-34CA-4F00-BF17-090D44DD7422} = {0AB3BF05-4346-4AA6-1389-037BE0695223}
		{56D97D60-1166-4E3B-B128-2F0219C102F7} = {0AB3BF05-4346-4AA6-1389-037BE0695223}
		{ADCE8DDF-AD4D-4AD1-B7F7-213084B228E5} = {827E0CD3-B72D-47B6-A68D-7590B98EB39B}
		{508DFC76-0E49-4031-9416-52ECB63046D2} = {0AB3BF05-4346-4AA6-1389-037BE0695223}
		{F5814528-2EB8-4739-8A8E-23AC814CBC64} = {827E0CD3-B72D-47B6-A68D-7590B98EB39B}
		{5419676F-A526-4E81-8993-A0FC9BCFA255} = {0AB3BF05-4346-4AA6-1389-037BE0695223}
		{55EC8E28-4DDC-4243-9C7F-080803CB8026} = {827E0CD3-B72D-47B6-A68D-7590B98EB39B}
		{E240391E-C6A1-4EBC-B976-C631D3F3207D} = {0AB3BF05-4346-4AA6-1389-037BE0695223}
		{3217BAC0-1C0B-4986-AB72-EA87A3898548} = {827E0CD3-B72D-47B6-A68D-7590B98EB39B}
		{FC1706BA-2CD7-4FB9-9A68-4A4A1B320AB0} = {0AB3BF05-4346-4AA6-1389-037BE0695223}
		{20EE2C14-D269-4AA5-98C0-765FF8818243} = {827E0CD3-B72D-47B6-A68D-7590B98EB39B}
		{328680C4-21DE-451E-B3DF-56B2C4A4D51A} = {0AB3BF05-4346-4AA6-1389-037BE0695223}
		{B9C41173-C17E-41D6-86F5-F2747AAD1F06} = {827E0CD3-B72D-47B6-A68D-7590B98EB39B}
		{0EF198D3-9FDD-4B31-9107-7BCC073F5BA5} = {0AB3BF05-4346-4AA6-1389-037BE0695223}
		{4452118C-6797-4427-A256-4F0CA3B36305} = {827E0CD3-B72D-47B6-A68D-7590B98EB39B}
		{2A9AA688-F425-4852-B2DC-2C28C8D19E3D} = {0AB3BF05-4346-4AA6-1389-037BE0695223}
		{A83246BA-4CCD-42CF-90FC-177CEE66F29D} = {827E0CD3-B72D-47B6-A68D-7590B98EB39B}
		{6A58E906-AC08-485A-BFD3-3D0CFC61C599} = {0AB3BF05-4346-4AA6-1389-037BE0695223}
		{8341035C-7105-4F1E-AF4B-3CB3E6EB409E} = {827E0CD3-B72D-47B6-A68D-7590B98EB39B}
		{ABF38666-EB32-446F-B1D8-85D7E5666155} = {0AB3BF05-4346-4AA6-1389-037BE0695223}
		{CD87CA7C-32D4-44E8-B733-ADC9C1AE427E} = {827E0CD3-B72D-47B6-A68D-7590B98EB39B}
		{12705D00-4BE2-4D2F-996C-CAFB3D8263D4} = {0AB3BF05-4346-4AA6-1389-037BE0695223}
		{DB1BE786-39A7-48A4-89F9-1D59D1216547} = {827E0CD3-B72D-47B6-A68D-7590B98EB39B}
		{EB27326F-E401-424B-8D74-9C9980463D00} = {0AB3BF05-4346-4AA6-1389-037BE0695223}
		{9C63FFEA-ACFA-37D0-4B99-93FAD04E0FC7} = {827E0CD3-B72D-47B6-A68D-7590B98EB39B}
		{0E7CE5D5-83E5-EEF0-6512-9C11E16C59D4} = {9C63FFEA-ACFA-37D0-4B99-93FAD04E0FC7}
		{3CAE1043-CCB2-47BD-B6D6-ADC279C6CE6D} = {0E7CE5D5-83E5-EEF0-6512-9C11E16C59D4}
		{18570BEA-A914-EFB6-80CF-5A860EE3D585} = {9C63FFEA-ACFA-37D0-4B99-93FAD04E0FC7}
		{DDD2129E-B109-4575-9B66-6FD1CE982AA6} = {18570BEA-A914-EFB6-80CF-5A860EE3D585}
		{B649695E-12A4-6F16-9107-F95AE9BFB876} = {9C63FFEA-ACFA-37D0-4B99-93FAD04E0FC7}
		{DE271DC2-F0C4-46A6-8BAE-432F9EFCCC62} = {B649695E-12A4-6F16-9107-F95AE9BFB876}
		{6356E8FF-CD4A-78EC-D9FB-BE131901F572} = {9C63FFEA-ACFA-37D0-4B99-93FAD04E0FC7}
		{91FBA55F-A6D0-4205-B50E-6C97C4E9E9F6} = {6356E8FF-CD4A-78EC-D9FB-BE131901F572}
		{4BEB0BFA-4BF6-1666-FD23-4B125E4FD680} = {9C63FFEA-ACFA-37D0-4B99-93FAD04E0FC7}
		{3D8B99A2-6F22-4359-B241-45E20C0CD11A} = {4BEB0BFA-4BF6-1666-FD23-4B125E4FD680}
		{0B6081EF-2D7D-41B9-A0E8-6855E0E88985} = {827E0CD3-B72D-47B6-A68D-7590B98EB39B}
		{1DB8484F-8B6F-4657-A560-AE2412D78416} = {827E0CD3-B72D-47B6-A68D-7590B98EB39B}
		{ED5423A8-A2EA-44A2-A606-24A38D64F8C4} = {0AB3BF05-4346-4AA6-1389-037BE0695223}
		{587B1838-FA02-4EBA-8CBF-B2C0F7BB6909} = {0AB3BF05-4346-4AA6-1389-037BE0695223}
		{62331030-C969-4FEF-8684-204ADBD08F50} = {827E0CD3-B72D-47B6-A68D-7590B98EB39B}
		{4AA474E9-B9C4-4F3A-8C24-451568938734} = {827E0CD3-B72D-47B6-A68D-7590B98EB39B}
		{D9D2DA35-D02C-4E5D-BD84-E78566BFAAED} = {0AB3BF05-4346-4AA6-1389-037BE0695223}
		{7F3DEE21-DCED-4594-9337-95150E451D02} = {0AB3BF05-4346-4AA6-1389-037BE0695223}
		{79581118-442F-4A81-A023-BF2B42A24496} = {827E0CD3-B72D-47B6-A68D-7590B98EB39B}
		{B66306BD-4CB8-4E27-940C-103630F50765} = {0AB3BF05-4346-4AA6-1389-037BE0695223}
		{863FC7BD-A379-4F43-B6C2-E63DD6C2FA97} = {827E0CD3-B72D-47B6-A68D-7590B98EB39B}
		{4469CA12-ABBF-4AC3-A5B5-2531A39B75E1} = {0AB3BF05-4346-4AA6-1389-037BE0695223}
		{038210B4-4539-48FD-BA69-266FEFA89400} = {827E0CD3-B72D-47B6-A68D-7590B98EB39B}
		{25355CB9-9A8A-4B2D-9FB7-F4F0BB990402} = {0AB3BF05-4346-4AA6-1389-037BE0695223}
		{FCE1D869-51D6-4D35-9FB6-CEC763FF05DC} = {827E0CD3-B72D-47B6-A68D-7590B98EB39B}
		{86F980CA-4460-4086-BCEB-8264D516FAD4} = {0AB3BF05-4346-4AA6-1389-037BE0695223}
		{9669D7BD-A9AC-4D13-B7CD-E004CBE81252} = {827E0CD3-B72D-47B6-A68D-7590B98EB39B}
		{BD26ADA4-F492-4CC8-A311-E8FE0CAD62F1} = {0AB3BF05-4346-4AA6-1389-037BE0695223}
	EndGlobalSection
	GlobalSection(ExtensibilityGlobals) = postSolution
		SolutionGuid = {2AA98790-D4F7-4EFE-9993-10B01E7FC4CF}
	EndGlobalSection
EndGlobal
